{
  "name": "@pristine-ts/security",
  "version": "0.0.191",
  "lockfileVersion": 2,
  "requires": true,
  "packages": {
    "": {
      "name": "@pristine-ts/security",
      "version": "0.0.170",
      "license": "ISC",
      "dependencies": {
        "@pristine-ts/common": "file:../common",
        "@pristine-ts/logging": "file:../logging",
        "@pristine-ts/networking": "file:../networking"
      },
      "devDependencies": {
        "@types/jsonwebtoken": "^8.5.0"
      }
    },
    "../common": {
      "name": "@pristine-ts/common",
      "version": "0.0.170",
      "license": "ISC",
      "dependencies": {
        "reflect-metadata": "^0.1.13",
        "tsyringe": "^4.4.0"
      }
    },
    "../logging": {
      "name": "@pristine-ts/logging",
      "version": "0.0.170",
      "license": "ISC",
      "dependencies": {
        "@pristine-ts/common": "file:../common",
        "@pristine-ts/configuration": "file:../configuration",
        "date-fns": "^2.22.1"
      }
    },
    "../networking": {
      "name": "@pristine-ts/networking",
      "version": "0.0.170",
      "license": "ISC",
      "dependencies": {
        "@pristine-ts/common": "file:../common",
        "@pristine-ts/core": "file:../core",
        "@pristine-ts/security": "file:../security",
        "@pristine-ts/telemetry": "file:../telemetry",
        "lodash": "^4.17.21",
        "url-parse": "^1.4.7"
      }
    },
    "node_modules/@pristine-ts/common": {
      "resolved": "../common",
      "link": true
    },
    "node_modules/@pristine-ts/logging": {
      "resolved": "../logging",
      "link": true
    },
    "node_modules/@pristine-ts/networking": {
      "resolved": "../networking",
      "link": true
    },
    "node_modules/@types/jsonwebtoken": {
      "version": "8.5.8",
      "resolved": "https://registry.npmjs.org/@types/jsonwebtoken/-/jsonwebtoken-8.5.8.tgz",
      "integrity": "sha512-zm6xBQpFDIDM6o9r6HSgDeIcLy82TKWctCXEPbJJcXb5AKmi5BNNdLXneixK4lplX3PqIVcwLBCGE/kAGnlD4A==",
      "dev": true,
      "dependencies": {
        "@types/node": "*"
      }
    },
    "node_modules/@types/node": {
      "version": "17.0.10",
      "resolved": "https://registry.npmjs.org/@types/node/-/node-17.0.10.tgz",
      "integrity": "sha512-S/3xB4KzyFxYGCppyDt68yzBU9ysL88lSdIah4D6cptdcltc4NCPCAMc0+PCpg/lLIyC7IPvj2Z52OJWeIUkog==",
      "dev": true
    }
  },
  "dependencies": {
    "@pristine-ts/common": {
      "version": "file:../common",
      "requires": {
        "reflect-metadata": "^0.1.13",
        "tsyringe": "^4.4.0"
      }
    },
    "@pristine-ts/logging": {
      "version": "file:../logging",
      "requires": {
        "@pristine-ts/common": "file:../common",
        "@pristine-ts/configuration": "file:../configuration",
        "date-fns": "^2.22.1"
      }
    },
    "@pristine-ts/networking": {
      "version": "file:../networking",
      "requires": {
        "@pristine-ts/common": "file:../common",
        "@pristine-ts/core": "file:../core",
        "@pristine-ts/security": "file:../security",
        "@pristine-ts/telemetry": "file:../telemetry",
        "lodash": "^4.17.21",
        "url-parse": "^1.4.7"
      }
    },
    "@types/jsonwebtoken": {
      "version": "8.5.8",
      "resolved": "https://registry.npmjs.org/@types/jsonwebtoken/-/jsonwebtoken-8.5.8.tgz",
      "integrity": "sha512-zm6xBQpFDIDM6o9r6HSgDeIcLy82TKWctCXEPbJJcXb5AKmi5BNNdLXneixK4lplX3PqIVcwLBCGE/kAGnlD4A==",
      "dev": true,
      "requires": {
        "@types/node": "*"
      }
    },
    "@types/node": {
      "version": "17.0.10",
      "resolved": "https://registry.npmjs.org/@types/node/-/node-17.0.10.tgz",
      "integrity": "sha512-S/3xB4KzyFxYGCppyDt68yzBU9ysL88lSdIah4D6cptdcltc4NCPCAMc0+PCpg/lLIyC7IPvj2Z52OJWeIUkog==",
      "dev": true
    }
  }
}
