{
  "name": "@pristine-ts/security",
  "version": "0.0.380",
  "lockfileVersion": 2,
  "requires": true,
  "packages": {
    "": {
      "name": "@pristine-ts/security",
      "version": "0.0.380",
      "license": "ISC",
      "dependencies": {
        "@pristine-ts/common": "file:../common",
        "@pristine-ts/logging": "file:../logging"
      },
      "devDependencies": {
        "@types/jsonwebtoken": "^8.5.1"
      }
    },
    "../common": {
      "name": "@pristine-ts/common",
      "version": "0.0.282",
      "license": "ISC",
      "dependencies": {
        "@pristine-ts/metadata": "^1.0.3",
        "reflect-metadata": "^0.1.13",
        "tsyringe": "^4.8.0"
      }
    },
    "../logging": {
      "name": "@pristine-ts/logging",
      "version": "0.0.282",
      "license": "ISC",
      "dependencies": {
        "@pristine-ts/common": "file:../common",
        "@pristine-ts/configuration": "file:../configuration",
        "date-fns": "^2.30.0"
      }
    },
    "../networking": {
      "name": "@pristine-ts/networking",
      "version": "0.0.214",
      "extraneous": true,
      "license": "ISC",
      "dependencies": {
        "@pristine-ts/common": "file:../common",
        "@pristine-ts/core": "file:../core",
        "@pristine-ts/security": "file:../security",
        "@pristine-ts/telemetry": "file:../telemetry",
        "lodash": "^4.17.21"
      }
    },
    "node_modules/@pristine-ts/common": {
      "resolved": "../common",
      "link": true
    },
    "node_modules/@pristine-ts/logging": {
      "resolved": "../logging",
      "link": true
    },
    "node_modules/@types/jsonwebtoken": {
      "version": "8.5.9",
      "resolved": "https://registry.npmjs.org/@types/jsonwebtoken/-/jsonwebtoken-8.5.9.tgz",
      "integrity": "sha512-272FMnFGzAVMGtu9tkr29hRL6bZj4Zs1KZNeHLnKqAvp06tAIcarTMwOh8/8bz4FmKRcMxZhZNeUAQsNLoiPhg==",
      "dev": true,
      "dependencies": {
        "@types/node": "*"
      }
    },
    "node_modules/@types/node": {
      "version": "17.0.10",
      "resolved": "https://registry.npmjs.org/@types/node/-/node-17.0.10.tgz",
      "integrity": "sha512-S/3xB4KzyFxYGCppyDt68yzBU9ysL88lSdIah4D6cptdcltc4NCPCAMc0+PCpg/lLIyC7IPvj2Z52OJWeIUkog==",
      "dev": true
    }
  },
  "dependencies": {
    "@pristine-ts/common": {
      "version": "file:../common",
      "requires": {
        "@pristine-ts/metadata": "^1.0.3",
        "reflect-metadata": "^0.1.13",
        "tsyringe": "^4.8.0"
      }
    },
    "@pristine-ts/logging": {
      "version": "file:../logging",
      "requires": {
        "@pristine-ts/common": "file:../common",
        "@pristine-ts/configuration": "file:../configuration",
        "date-fns": "^2.30.0"
      }
    },
    "@types/jsonwebtoken": {
      "version": "8.5.9",
      "resolved": "https://registry.npmjs.org/@types/jsonwebtoken/-/jsonwebtoken-8.5.9.tgz",
      "integrity": "sha512-272FMnFGzAVMGtu9tkr29hRL6bZj4Zs1KZNeHLnKqAvp06tAIcarTMwOh8/8bz4FmKRcMxZhZNeUAQsNLoiPhg==",
      "dev": true,
      "requires": {
        "@types/node": "*"
      }
    },
    "@types/node": {
      "version": "17.0.10",
      "resolved": "https://registry.npmjs.org/@types/node/-/node-17.0.10.tgz",
      "integrity": "sha512-S/3xB4KzyFxYGCppyDt68yzBU9ysL88lSdIah4D6cptdcltc4NCPCAMc0+PCpg/lLIyC7IPvj2Z52OJWeIUkog==",
      "dev": true
    }
  }
}
