{
  "name": "@pristine-ts/cloudflare",
  "version": "0.0.235",
  "lockfileVersion": 2,
  "requires": true,
  "packages": {
    "": {
      "name": "@pristine-ts/cloudflare",
      "version": "0.0.214",
      "license": "ISC",
      "dependencies": {
        "@pristine-ts/common": "file:../common",
        "@pristine-ts/logging": "file:../logging",
        "@pristine-ts/networking": "file:../networking"
      },
      "devDependencies": {
        "@cloudflare/workers-types": "^3.0.0",
        "@types/service-worker-mock": "^2.0.1",
        "service-worker-mock": "^2.0.5"
      }
    },
    "../common": {
      "name": "@pristine-ts/common",
      "version": "0.0.214",
      "license": "ISC",
      "dependencies": {
        "reflect-metadata": "^0.1.13",
        "tsyringe": "^4.4.0"
      }
    },
    "../logging": {
      "name": "@pristine-ts/logging",
      "version": "0.0.214",
      "license": "ISC",
      "dependencies": {
        "@pristine-ts/common": "file:../common",
        "@pristine-ts/configuration": "file:../configuration",
        "date-fns": "^2.22.1"
      }
    },
    "../networking": {
      "name": "@pristine-ts/networking",
      "version": "0.0.214",
      "license": "ISC",
      "dependencies": {
        "@pristine-ts/common": "file:../common",
        "@pristine-ts/core": "file:../core",
        "@pristine-ts/security": "file:../security",
        "@pristine-ts/telemetry": "file:../telemetry",
        "lodash": "^4.17.21"
      }
    },
    "node_modules/@cloudflare/workers-types": {
      "version": "3.2.0",
      "resolved": "https://registry.npmjs.org/@cloudflare/workers-types/-/workers-types-3.2.0.tgz",
      "integrity": "sha512-y0+f7QeB5/fMMdU0wSwvBB18yE9kAD2s7Wben8a4uI4f/EJyE+eJrai5QO52Pq8EmWP0vRpKqZh0qU857WhY2A==",
      "dev": true
    },
    "node_modules/@pristine-ts/common": {
      "resolved": "../common",
      "link": true
    },
    "node_modules/@pristine-ts/logging": {
      "resolved": "../logging",
      "link": true
    },
    "node_modules/@pristine-ts/networking": {
      "resolved": "../networking",
      "link": true
    },
    "node_modules/@types/service-worker-mock": {
      "version": "2.0.1",
      "resolved": "https://registry.npmjs.org/@types/service-worker-mock/-/service-worker-mock-2.0.1.tgz",
      "integrity": "sha512-LqaP0QmgppRF7YEaqx4amoazHNXaX5bIFDAu62LnWIc5ku0HbgqlPKroQstAu8WsdmWIqEfI9VGlP8Skkq+m5A==",
      "dev": true
    },
    "node_modules/browser-process-hrtime": {
      "version": "1.0.0",
      "resolved": "https://registry.npmjs.org/browser-process-hrtime/-/browser-process-hrtime-1.0.0.tgz",
      "integrity": "sha512-9o5UecI3GhkpM6DrXr69PblIuWxPKk9Y0jHBRhdocZ2y7YECBFCsHm79Pr3OyR2AvjhDkabFJaDJMYRazHgsow==",
      "dev": true
    },
    "node_modules/dom-urls": {
      "version": "1.1.0",
      "resolved": "https://registry.npmjs.org/dom-urls/-/dom-urls-1.1.0.tgz",
      "integrity": "sha1-AB3fgWKM0ecGElxxdvU8zsVdkY4=",
      "dev": true,
      "dependencies": {
        "urijs": "^1.16.1"
      },
      "engines": {
        "node": ">=0.8.0"
      }
    },
    "node_modules/lodash._basefor": {
      "version": "3.0.3",
      "resolved": "https://registry.npmjs.org/lodash._basefor/-/lodash._basefor-3.0.3.tgz",
      "integrity": "sha1-dVC06SGO8J+tJDQ7YSAhx5tMIMI=",
      "dev": true
    },
    "node_modules/lodash.isarguments": {
      "version": "3.1.0",
      "resolved": "https://registry.npmjs.org/lodash.isarguments/-/lodash.isarguments-3.1.0.tgz",
      "integrity": "sha1-L1c9hcaiQon/AGY7SRwdM4/zRYo=",
      "dev": true
    },
    "node_modules/lodash.isarray": {
      "version": "3.0.4",
      "resolved": "https://registry.npmjs.org/lodash.isarray/-/lodash.isarray-3.0.4.tgz",
      "integrity": "sha1-eeTriMNqgSKvhvhEqpvNhRtfu1U=",
      "dev": true
    },
    "node_modules/lodash.isplainobject": {
      "version": "3.2.0",
      "resolved": "https://registry.npmjs.org/lodash.isplainobject/-/lodash.isplainobject-3.2.0.tgz",
      "integrity": "sha1-moI4rhayAEMpYM1zRlEtASP79MU=",
      "dev": true,
      "dependencies": {
        "lodash._basefor": "^3.0.0",
        "lodash.isarguments": "^3.0.0",
        "lodash.keysin": "^3.0.0"
      }
    },
    "node_modules/lodash.keysin": {
      "version": "3.0.8",
      "resolved": "https://registry.npmjs.org/lodash.keysin/-/lodash.keysin-3.0.8.tgz",
      "integrity": "sha1-IsRJPrvtsUJ5YqVLRFssinZ/tH8=",
      "dev": true,
      "dependencies": {
        "lodash.isarguments": "^3.0.0",
        "lodash.isarray": "^3.0.0"
      }
    },
    "node_modules/realistic-structured-clone": {
      "version": "1.0.1",
      "resolved": "https://registry.npmjs.org/realistic-structured-clone/-/realistic-structured-clone-1.0.1.tgz",
      "integrity": "sha1-Gr6CrwuAzXsQn9r10pMIAyhS1F0=",
      "dev": true,
      "dependencies": {
        "lodash.isplainobject": "^3.0.2"
      }
    },
    "node_modules/service-worker-mock": {
      "version": "2.0.5",
      "resolved": "https://registry.npmjs.org/service-worker-mock/-/service-worker-mock-2.0.5.tgz",
      "integrity": "sha512-yk6NCFnRWGfbOlP+IS4hEbJnGU8dVgtodAAKLxhkTPsOmaES44XVSWTNozK6KwI+p/0PDRrFsb2RjTMhvXiNkA==",
      "dev": true,
      "dependencies": {
        "dom-urls": "^1.1.0",
        "shelving-mock-indexeddb": "^1.1.0",
        "url-search-params": "^0.10.0",
        "w3c-hr-time": "^1.0.1"
      }
    },
    "node_modules/shelving-mock-event": {
      "version": "1.0.12",
      "resolved": "https://registry.npmjs.org/shelving-mock-event/-/shelving-mock-event-1.0.12.tgz",
      "integrity": "sha512-2F+IZ010rwV3sA/Kd2hnC1vGNycsxeBJmjkXR8+4IOlv5e+Wvj+xH+A8Cv8/Z0lUyCut/HcxSpeDccYTVtnuaQ==",
      "dev": true,
      "engines": {
        "node": ">=6.0.0"
      }
    },
    "node_modules/shelving-mock-indexeddb": {
      "version": "1.1.0",
      "resolved": "https://registry.npmjs.org/shelving-mock-indexeddb/-/shelving-mock-indexeddb-1.1.0.tgz",
      "integrity": "sha512-akHJAmGL/dplJ4FZNxPxVbOxMw8Ey6wAnB9+3+GCUNqPUcJaskS55GijxZtarTfAYB4XQyu+FLtjcq2Oa3e2Lg==",
      "dev": true,
      "dependencies": {
        "realistic-structured-clone": "^1.0.1",
        "shelving-mock-event": "^1.0.12"
      },
      "engines": {
        "node": ">=6.0.0"
      }
    },
    "node_modules/urijs": {
      "version": "1.19.7",
      "resolved": "https://registry.npmjs.org/urijs/-/urijs-1.19.7.tgz",
      "integrity": "sha512-Id+IKjdU0Hx+7Zx717jwLPsPeUqz7rAtuVBRLLs+qn+J2nf9NGITWVCxcijgYxBqe83C7sqsQPs6H1pyz3x9gA==",
      "dev": true
    },
    "node_modules/url-search-params": {
      "version": "0.10.2",
      "resolved": "https://registry.npmjs.org/url-search-params/-/url-search-params-0.10.2.tgz",
      "integrity": "sha512-d6GYsr992Bo9rzTZFc9BUw3UFAAg3prE9JGVBgW2TLTbI3rSvg4VDa0BFXHMzKkWbAuhrmaFWpucpRJl+3W7Jg==",
      "deprecated": "now available as @ungap/url-search-params",
      "dev": true
    },
    "node_modules/w3c-hr-time": {
      "version": "1.0.2",
      "resolved": "https://registry.npmjs.org/w3c-hr-time/-/w3c-hr-time-1.0.2.tgz",
      "integrity": "sha512-z8P5DvDNjKDoFIHK7q8r8lackT6l+jo/Ye3HOle7l9nICP9lf1Ci25fy9vHd0JOWewkIFzXIEig3TdKT7JQ5fQ==",
      "dev": true,
      "dependencies": {
        "browser-process-hrtime": "^1.0.0"
      }
    }
  },
  "dependencies": {
    "@cloudflare/workers-types": {
      "version": "3.2.0",
      "resolved": "https://registry.npmjs.org/@cloudflare/workers-types/-/workers-types-3.2.0.tgz",
      "integrity": "sha512-y0+f7QeB5/fMMdU0wSwvBB18yE9kAD2s7Wben8a4uI4f/EJyE+eJrai5QO52Pq8EmWP0vRpKqZh0qU857WhY2A==",
      "dev": true
    },
    "@pristine-ts/common": {
      "version": "file:../common",
      "requires": {
        "reflect-metadata": "^0.1.13",
        "tsyringe": "^4.4.0"
      }
    },
    "@pristine-ts/logging": {
      "version": "file:../logging",
      "requires": {
        "@pristine-ts/common": "file:../common",
        "@pristine-ts/configuration": "file:../configuration",
        "date-fns": "^2.22.1"
      }
    },
    "@pristine-ts/networking": {
      "version": "file:../networking",
      "requires": {
        "@pristine-ts/common": "file:../common",
        "@pristine-ts/core": "file:../core",
        "@pristine-ts/security": "file:../security",
        "@pristine-ts/telemetry": "file:../telemetry",
        "lodash": "^4.17.21"
      }
    },
    "@types/service-worker-mock": {
      "version": "2.0.1",
      "resolved": "https://registry.npmjs.org/@types/service-worker-mock/-/service-worker-mock-2.0.1.tgz",
      "integrity": "sha512-LqaP0QmgppRF7YEaqx4amoazHNXaX5bIFDAu62LnWIc5ku0HbgqlPKroQstAu8WsdmWIqEfI9VGlP8Skkq+m5A==",
      "dev": true
    },
    "browser-process-hrtime": {
      "version": "1.0.0",
      "resolved": "https://registry.npmjs.org/browser-process-hrtime/-/browser-process-hrtime-1.0.0.tgz",
      "integrity": "sha512-9o5UecI3GhkpM6DrXr69PblIuWxPKk9Y0jHBRhdocZ2y7YECBFCsHm79Pr3OyR2AvjhDkabFJaDJMYRazHgsow==",
      "dev": true
    },
    "dom-urls": {
      "version": "1.1.0",
      "resolved": "https://registry.npmjs.org/dom-urls/-/dom-urls-1.1.0.tgz",
      "integrity": "sha1-AB3fgWKM0ecGElxxdvU8zsVdkY4=",
      "dev": true,
      "requires": {
        "urijs": "^1.16.1"
      }
    },
    "lodash._basefor": {
      "version": "3.0.3",
      "resolved": "https://registry.npmjs.org/lodash._basefor/-/lodash._basefor-3.0.3.tgz",
      "integrity": "sha1-dVC06SGO8J+tJDQ7YSAhx5tMIMI=",
      "dev": true
    },
    "lodash.isarguments": {
      "version": "3.1.0",
      "resolved": "https://registry.npmjs.org/lodash.isarguments/-/lodash.isarguments-3.1.0.tgz",
      "integrity": "sha1-L1c9hcaiQon/AGY7SRwdM4/zRYo=",
      "dev": true
    },
    "lodash.isarray": {
      "version": "3.0.4",
      "resolved": "https://registry.npmjs.org/lodash.isarray/-/lodash.isarray-3.0.4.tgz",
      "integrity": "sha1-eeTriMNqgSKvhvhEqpvNhRtfu1U=",
      "dev": true
    },
    "lodash.isplainobject": {
      "version": "3.2.0",
      "resolved": "https://registry.npmjs.org/lodash.isplainobject/-/lodash.isplainobject-3.2.0.tgz",
      "integrity": "sha1-moI4rhayAEMpYM1zRlEtASP79MU=",
      "dev": true,
      "requires": {
        "lodash._basefor": "^3.0.0",
        "lodash.isarguments": "^3.0.0",
        "lodash.keysin": "^3.0.0"
      }
    },
    "lodash.keysin": {
      "version": "3.0.8",
      "resolved": "https://registry.npmjs.org/lodash.keysin/-/lodash.keysin-3.0.8.tgz",
      "integrity": "sha1-IsRJPrvtsUJ5YqVLRFssinZ/tH8=",
      "dev": true,
      "requires": {
        "lodash.isarguments": "^3.0.0",
        "lodash.isarray": "^3.0.0"
      }
    },
    "realistic-structured-clone": {
      "version": "1.0.1",
      "resolved": "https://registry.npmjs.org/realistic-structured-clone/-/realistic-structured-clone-1.0.1.tgz",
      "integrity": "sha1-Gr6CrwuAzXsQn9r10pMIAyhS1F0=",
      "dev": true,
      "requires": {
        "lodash.isplainobject": "^3.0.2"
      }
    },
    "service-worker-mock": {
      "version": "2.0.5",
      "resolved": "https://registry.npmjs.org/service-worker-mock/-/service-worker-mock-2.0.5.tgz",
      "integrity": "sha512-yk6NCFnRWGfbOlP+IS4hEbJnGU8dVgtodAAKLxhkTPsOmaES44XVSWTNozK6KwI+p/0PDRrFsb2RjTMhvXiNkA==",
      "dev": true,
      "requires": {
        "dom-urls": "^1.1.0",
        "shelving-mock-indexeddb": "^1.1.0",
        "url-search-params": "^0.10.0",
        "w3c-hr-time": "^1.0.1"
      }
    },
    "shelving-mock-event": {
      "version": "1.0.12",
      "resolved": "https://registry.npmjs.org/shelving-mock-event/-/shelving-mock-event-1.0.12.tgz",
      "integrity": "sha512-2F+IZ010rwV3sA/Kd2hnC1vGNycsxeBJmjkXR8+4IOlv5e+Wvj+xH+A8Cv8/Z0lUyCut/HcxSpeDccYTVtnuaQ==",
      "dev": true
    },
    "shelving-mock-indexeddb": {
      "version": "1.1.0",
      "resolved": "https://registry.npmjs.org/shelving-mock-indexeddb/-/shelving-mock-indexeddb-1.1.0.tgz",
      "integrity": "sha512-akHJAmGL/dplJ4FZNxPxVbOxMw8Ey6wAnB9+3+GCUNqPUcJaskS55GijxZtarTfAYB4XQyu+FLtjcq2Oa3e2Lg==",
      "dev": true,
      "requires": {
        "realistic-structured-clone": "^1.0.1",
        "shelving-mock-event": "^1.0.12"
      }
    },
    "urijs": {
      "version": "1.19.7",
      "resolved": "https://registry.npmjs.org/urijs/-/urijs-1.19.7.tgz",
      "integrity": "sha512-Id+IKjdU0Hx+7Zx717jwLPsPeUqz7rAtuVBRLLs+qn+J2nf9NGITWVCxcijgYxBqe83C7sqsQPs6H1pyz3x9gA==",
      "dev": true
    },
    "url-search-params": {
      "version": "0.10.2",
      "resolved": "https://registry.npmjs.org/url-search-params/-/url-search-params-0.10.2.tgz",
      "integrity": "sha512-d6GYsr992Bo9rzTZFc9BUw3UFAAg3prE9JGVBgW2TLTbI3rSvg4VDa0BFXHMzKkWbAuhrmaFWpucpRJl+3W7Jg==",
      "dev": true
    },
    "w3c-hr-time": {
      "version": "1.0.2",
      "resolved": "https://registry.npmjs.org/w3c-hr-time/-/w3c-hr-time-1.0.2.tgz",
      "integrity": "sha512-z8P5DvDNjKDoFIHK7q8r8lackT6l+jo/Ye3HOle7l9nICP9lf1Ci25fy9vHd0JOWewkIFzXIEig3TdKT7JQ5fQ==",
      "dev": true,
      "requires": {
        "browser-process-hrtime": "^1.0.0"
      }
    }
  }
}
