{
  "name": "@pristine-ts/cloudflare",
  "version": "0.0.163",
  "lockfileVersion": 2,
  "requires": true,
  "packages": {
    "": {
      "name": "@pristine-ts/cloudflare",
      "version": "0.0.163",
      "license": "ISC",
      "dependencies": {
        "@pristine-ts/common": "file:../common",
        "@pristine-ts/logging": "file:../logging"
      },
      "devDependencies": {
        "@cloudflare/workers-types": "^3.0.0"
      }
    },
    "../common": {
      "name": "@pristine-ts/common",
      "version": "0.0.163",
      "license": "ISC"
    },
    "../logging": {
      "name": "@pristine-ts/logging",
      "version": "0.0.163",
      "license": "ISC",
      "dependencies": {
        "@pristine-ts/common": "file:../common",
        "@pristine-ts/configuration": "file:../configuration",
        "date-fns": "^2.22.1"
      }
    },
    "node_modules/@cloudflare/workers-types": {
      "version": "3.2.0",
      "resolved": "https://registry.npmjs.org/@cloudflare/workers-types/-/workers-types-3.2.0.tgz",
      "integrity": "sha512-y0+f7QeB5/fMMdU0wSwvBB18yE9kAD2s7Wben8a4uI4f/EJyE+eJrai5QO52Pq8EmWP0vRpKqZh0qU857WhY2A==",
      "dev": true
    },
    "node_modules/@pristine-ts/common": {
      "resolved": "../common",
      "link": true
    },
    "node_modules/@pristine-ts/logging": {
      "resolved": "../logging",
      "link": true
    }
  },
  "dependencies": {
    "@cloudflare/workers-types": {
      "version": "3.2.0",
      "resolved": "https://registry.npmjs.org/@cloudflare/workers-types/-/workers-types-3.2.0.tgz",
      "integrity": "sha512-y0+f7QeB5/fMMdU0wSwvBB18yE9kAD2s7Wben8a4uI4f/EJyE+eJrai5QO52Pq8EmWP0vRpKqZh0qU857WhY2A==",
      "dev": true
    },
    "@pristine-ts/common": {
      "version": "file:../common"
    },
    "@pristine-ts/logging": {
      "version": "file:../logging",
      "requires": {
        "@pristine-ts/common": "file:../common",
        "@pristine-ts/configuration": "file:../configuration",
        "date-fns": "^2.22.1"
      }
    }
  }
}
