{
  "name": "@pristine-ts/validation",
  "version": "0.0.329",
  "lockfileVersion": 2,
  "requires": true,
  "packages": {
    "": {
      "name": "@pristine-ts/validation",
      "version": "0.0.329",
      "license": "ISC",
      "dependencies": {
        "@pristine-ts/class-validator": "^1.0.25",
        "@pristine-ts/common": "file:../common",
        "@pristine-ts/core": "file:../core",
        "@pristine-ts/data-mapping": "file:../data-mapping",
        "@pristine-ts/networking": "file:../networking"
      }
    },
    "../common": {
      "name": "@pristine-ts/common",
      "version": "0.0.282",
      "license": "ISC",
      "dependencies": {
        "@pristine-ts/metadata": "^1.0.3",
        "reflect-metadata": "^0.1.13",
        "tsyringe": "^4.8.0"
      }
    },
    "../core": {
      "name": "@pristine-ts/core",
      "version": "0.0.282",
      "license": "ISC",
      "dependencies": {
        "@pristine-ts/common": "file:../common",
        "@pristine-ts/configuration": "file:../configuration",
        "@pristine-ts/logging": "file:../logging",
        "@pristine-ts/security": "file:../security",
        "@pristine-ts/telemetry": "file:../telemetry",
        "uuid": "^9.0.1"
      },
      "devDependencies": {
        "@types/uuid": "^9.0.6"
      }
    },
    "../data-mapping": {
      "version": "0.0.282",
      "license": "ISC",
      "dependencies": {
        "@pristine-ts/common": "file:../common",
        "@pristine-ts/data-mapping-common": "file:../data-mapping-common",
        "@pristine-ts/logging": "file:../logging",
        "@pristine-ts/metadata": "^1.0.6",
        "class-transformer": "^0.5.1",
        "date-fns": "^3.3.1",
        "tsyringe": "^4.8.0"
      }
    },
    "../networking": {
      "name": "@pristine-ts/networking",
      "version": "0.0.282",
      "license": "ISC",
      "dependencies": {
        "@pristine-ts/common": "file:../common",
        "@pristine-ts/core": "file:../core",
        "@pristine-ts/data-mapping": "file:../data-mapping",
        "@pristine-ts/metadata": "^1.0.6",
        "@pristine-ts/security": "file:../security",
        "@pristine-ts/telemetry": "file:../telemetry",
        "lodash": "^4.17.21"
      }
    },
    "node_modules/@pristine-ts/class-validator": {
      "version": "1.0.25",
      "resolved": "https://registry.npmjs.org/@pristine-ts/class-validator/-/class-validator-1.0.25.tgz",
      "integrity": "sha512-/bKrzlq0rFf9MnfrYEI/bMpurXnfD5p6peVMqyNc3r2ZtHuDi6w/3XvL4yCdkI1Ich1V0pXKWohNxVtbVCPg5g==",
      "dependencies": {
        "@pristine-ts/metadata": "^1.0.8",
        "date-fns": "^2.28.0",
        "libphonenumber-js": "^1.10.6",
        "reflect-metadata": "^0.2.1",
        "validator": "^13.7.0"
      }
    },
    "node_modules/@pristine-ts/common": {
      "resolved": "../common",
      "link": true
    },
    "node_modules/@pristine-ts/core": {
      "resolved": "../core",
      "link": true
    },
    "node_modules/@pristine-ts/data-mapping": {
      "resolved": "../data-mapping",
      "link": true
    },
    "node_modules/@pristine-ts/metadata": {
      "version": "1.0.8",
      "resolved": "https://registry.npmjs.org/@pristine-ts/metadata/-/metadata-1.0.8.tgz",
      "integrity": "sha512-a9ByWXC27V7GO2R8V10Kkdr+yCgRlzbvKZL7XX1H52scb0q3QoPgRKLyfOVAP76vcWhKvgVodxYq0H8bkke7cg==",
      "dependencies": {
        "reflect-metadata": "^0.2.1"
      }
    },
    "node_modules/@pristine-ts/networking": {
      "resolved": "../networking",
      "link": true
    },
    "node_modules/date-fns": {
      "version": "2.28.0",
      "resolved": "https://registry.npmjs.org/date-fns/-/date-fns-2.28.0.tgz",
      "integrity": "sha512-8d35hViGYx/QH0icHYCeLmsLmMUheMmTyV9Fcm6gvNwdw31yXXH+O85sOBJ+OLnLQMKZowvpKb6FgMIQjcpvQw==",
      "engines": {
        "node": ">=0.11"
      },
      "funding": {
        "type": "opencollective",
        "url": "https://opencollective.com/date-fns"
      }
    },
    "node_modules/libphonenumber-js": {
      "version": "1.10.7",
      "resolved": "https://registry.npmjs.org/libphonenumber-js/-/libphonenumber-js-1.10.7.tgz",
      "integrity": "sha512-jZXLCCWMe1b/HXkjiLeYt2JsytZMcqH26jLFIdzFDFF0xvSUWrYKyvPlyPG+XJzEyKUFbcZxLdWGMwQsWaHDxQ=="
    },
    "node_modules/reflect-metadata": {
      "version": "0.2.1",
      "resolved": "https://registry.npmjs.org/reflect-metadata/-/reflect-metadata-0.2.1.tgz",
      "integrity": "sha512-i5lLI6iw9AU3Uu4szRNPPEkomnkjRTaVt9hy/bn5g/oSzekBSMeLZblcjP74AW0vBabqERLLIrz+gR8QYR54Tw=="
    },
    "node_modules/validator": {
      "version": "13.7.0",
      "resolved": "https://registry.npmjs.org/validator/-/validator-13.7.0.tgz",
      "integrity": "sha512-nYXQLCBkpJ8X6ltALua9dRrZDHVYxjJ1wgskNt1lH9fzGjs3tgojGSCBjmEPwkWS1y29+DrizMTW19Pr9uB2nw==",
      "engines": {
        "node": ">= 0.10"
      }
    }
  },
  "dependencies": {
    "@pristine-ts/class-validator": {
      "version": "1.0.25",
      "resolved": "https://registry.npmjs.org/@pristine-ts/class-validator/-/class-validator-1.0.25.tgz",
      "integrity": "sha512-/bKrzlq0rFf9MnfrYEI/bMpurXnfD5p6peVMqyNc3r2ZtHuDi6w/3XvL4yCdkI1Ich1V0pXKWohNxVtbVCPg5g==",
      "requires": {
        "@pristine-ts/metadata": "^1.0.8",
        "date-fns": "^2.28.0",
        "libphonenumber-js": "^1.10.6",
        "reflect-metadata": "^0.2.1",
        "validator": "^13.7.0"
      }
    },
    "@pristine-ts/common": {
      "version": "file:../common",
      "requires": {
        "@pristine-ts/metadata": "^1.0.3",
        "reflect-metadata": "^0.1.13",
        "tsyringe": "^4.8.0"
      }
    },
    "@pristine-ts/core": {
      "version": "file:../core",
      "requires": {
        "@pristine-ts/common": "file:../common",
        "@pristine-ts/configuration": "file:../configuration",
        "@pristine-ts/logging": "file:../logging",
        "@pristine-ts/security": "file:../security",
        "@pristine-ts/telemetry": "file:../telemetry",
        "@types/uuid": "^9.0.6",
        "uuid": "^9.0.1"
      }
    },
    "@pristine-ts/data-mapping": {
      "version": "file:../data-mapping",
      "requires": {
        "@pristine-ts/common": "file:../common",
        "@pristine-ts/data-mapping-common": "file:../data-mapping-common",
        "@pristine-ts/logging": "file:../logging",
        "@pristine-ts/metadata": "^1.0.6",
        "class-transformer": "^0.5.1",
        "date-fns": "^3.3.1",
        "tsyringe": "^4.8.0"
      }
    },
    "@pristine-ts/metadata": {
      "version": "1.0.8",
      "resolved": "https://registry.npmjs.org/@pristine-ts/metadata/-/metadata-1.0.8.tgz",
      "integrity": "sha512-a9ByWXC27V7GO2R8V10Kkdr+yCgRlzbvKZL7XX1H52scb0q3QoPgRKLyfOVAP76vcWhKvgVodxYq0H8bkke7cg==",
      "requires": {
        "reflect-metadata": "^0.2.1"
      }
    },
    "@pristine-ts/networking": {
      "version": "file:../networking",
      "requires": {
        "@pristine-ts/common": "file:../common",
        "@pristine-ts/core": "file:../core",
        "@pristine-ts/data-mapping": "file:../data-mapping",
        "@pristine-ts/metadata": "^1.0.6",
        "@pristine-ts/security": "file:../security",
        "@pristine-ts/telemetry": "file:../telemetry",
        "lodash": "^4.17.21"
      }
    },
    "date-fns": {
      "version": "2.28.0",
      "resolved": "https://registry.npmjs.org/date-fns/-/date-fns-2.28.0.tgz",
      "integrity": "sha512-8d35hViGYx/QH0icHYCeLmsLmMUheMmTyV9Fcm6gvNwdw31yXXH+O85sOBJ+OLnLQMKZowvpKb6FgMIQjcpvQw=="
    },
    "libphonenumber-js": {
      "version": "1.10.7",
      "resolved": "https://registry.npmjs.org/libphonenumber-js/-/libphonenumber-js-1.10.7.tgz",
      "integrity": "sha512-jZXLCCWMe1b/HXkjiLeYt2JsytZMcqH26jLFIdzFDFF0xvSUWrYKyvPlyPG+XJzEyKUFbcZxLdWGMwQsWaHDxQ=="
    },
    "reflect-metadata": {
      "version": "0.2.1",
      "resolved": "https://registry.npmjs.org/reflect-metadata/-/reflect-metadata-0.2.1.tgz",
      "integrity": "sha512-i5lLI6iw9AU3Uu4szRNPPEkomnkjRTaVt9hy/bn5g/oSzekBSMeLZblcjP74AW0vBabqERLLIrz+gR8QYR54Tw=="
    },
    "validator": {
      "version": "13.7.0",
      "resolved": "https://registry.npmjs.org/validator/-/validator-13.7.0.tgz",
      "integrity": "sha512-nYXQLCBkpJ8X6ltALua9dRrZDHVYxjJ1wgskNt1lH9fzGjs3tgojGSCBjmEPwkWS1y29+DrizMTW19Pr9uB2nw=="
    }
  }
}
