{
  "name": "@pristine-ts/tests-cli",
  "version": "1.0.0",
  "lockfileVersion": 2,
  "requires": true,
  "packages": {
    "": {
      "name": "@pristine-ts/tests-cli",
      "version": "1.0.0",
      "dependencies": {
        "@pristine-ts/class-validator": "^1.0.5",
        "@pristine-ts/cli": "file:../../packages/cli",
        "@pristine-ts/common": "file:../../packages/common",
        "@pristine-ts/core": "file:../../packages/core",
        "@pristine-ts/logging": "file:../../packages/logging",
        "@pristine-ts/networking": "file:../../packages/networking",
        "class-transformer": "^0.4.0",
        "tsyringe": "^4.7.0",
        "uuid": "^8.3.2"
      },
      "devDependencies": {
        "@types/uuid": "^8.3.4"
      }
    },
    "../../packages/auth0": {
      "name": "@pristine-ts/auth0",
      "version": "0.0.228",
      "extraneous": true,
      "license": "ISC",
      "dependencies": {
        "@pristine-ts/common": "file:../common",
        "@pristine-ts/core": "file:../core",
        "@pristine-ts/http": "file:../http",
        "@pristine-ts/logging": "file:../logging",
        "@pristine-ts/networking": "file:../networking",
        "@pristine-ts/security": "file:../security"
      }
    },
    "../../packages/cli": {
      "name": "@pristine-ts/cli",
      "version": "0.0.228",
      "license": "ISC",
      "dependencies": {
        "@pristine-ts/common": "file:../common",
        "@pristine-ts/core": "file:../core",
        "@pristine-ts/validation": "file:../validation",
        "class-transformer": "^0.5.1"
      },
      "bin": {
        "pristine": "dist/lib/cjs/bin.js"
      },
      "devDependencies": {}
    },
    "../../packages/common": {
      "name": "@pristine-ts/common",
      "version": "0.0.228",
      "license": "ISC",
      "dependencies": {
        "reflect-metadata": "^0.1.13",
        "tsyringe": "^4.4.0"
      }
    },
    "../../packages/core": {
      "name": "@pristine-ts/core",
      "version": "0.0.228",
      "license": "ISC",
      "dependencies": {
        "@pristine-ts/common": "file:../common",
        "@pristine-ts/configuration": "file:../configuration",
        "@pristine-ts/logging": "file:../logging",
        "@pristine-ts/security": "file:../security",
        "@pristine-ts/telemetry": "file:../telemetry",
        "uuid": "^8.3.2"
      },
      "devDependencies": {
        "@types/uuid": "^8.3.4"
      }
    },
    "../../packages/express": {
      "name": "@pristine-ts/express",
      "version": "0.0.228",
      "extraneous": true,
      "license": "ISC",
      "dependencies": {
        "@pristine-ts/common": "file:../common",
        "@pristine-ts/core": "file:../core",
        "@pristine-ts/networking": "file:../networking",
        "@types/express": "^4.17.9",
        "express": "^4.17.1",
        "reflect-metadata": "^0.1.13"
      }
    },
    "../../packages/logging": {
      "name": "@pristine-ts/logging",
      "version": "0.0.228",
      "license": "ISC",
      "dependencies": {
        "@pristine-ts/common": "file:../common",
        "@pristine-ts/configuration": "file:../configuration",
        "date-fns": "^2.22.1"
      }
    },
    "../../packages/networking": {
      "name": "@pristine-ts/networking",
      "version": "0.0.228",
      "license": "ISC",
      "dependencies": {
        "@pristine-ts/common": "file:../common",
        "@pristine-ts/core": "file:../core",
        "@pristine-ts/security": "file:../security",
        "@pristine-ts/telemetry": "file:../telemetry",
        "lodash": "^4.17.21"
      }
    },
    "../../packages/security": {
      "name": "@pristine-ts/security",
      "version": "0.0.228",
      "extraneous": true,
      "license": "ISC",
      "dependencies": {
        "@pristine-ts/common": "file:../common",
        "@pristine-ts/logging": "file:../logging"
      },
      "devDependencies": {
        "@types/jsonwebtoken": "^8.5.0"
      }
    },
    "node_modules/@pristine-ts/class-validator": {
      "version": "1.0.20",
      "resolved": "https://registry.npmjs.org/@pristine-ts/class-validator/-/class-validator-1.0.20.tgz",
      "integrity": "sha512-KJAO3fJhkfIENVsz+l1NtqlzrSMfVZVv/CcCgZL+danATxgOLjKPxMvDgUtJeYjLqCwSnotgMSOv2pOrOMbA+w==",
      "dependencies": {
        "date-fns": "^2.28.0",
        "libphonenumber-js": "^1.10.6",
        "validator": "^13.7.0"
      }
    },
    "node_modules/@pristine-ts/cli": {
      "resolved": "../../packages/cli",
      "link": true
    },
    "node_modules/@pristine-ts/common": {
      "resolved": "../../packages/common",
      "link": true
    },
    "node_modules/@pristine-ts/core": {
      "resolved": "../../packages/core",
      "link": true
    },
    "node_modules/@pristine-ts/logging": {
      "resolved": "../../packages/logging",
      "link": true
    },
    "node_modules/@pristine-ts/networking": {
      "resolved": "../../packages/networking",
      "link": true
    },
    "node_modules/@types/uuid": {
      "version": "8.3.4",
      "resolved": "https://registry.npmjs.org/@types/uuid/-/uuid-8.3.4.tgz",
      "integrity": "sha512-c/I8ZRb51j+pYGAu5CrFMRxqZ2ke4y2grEBO5AUjgSkSk+qT2Ea+OdWElz/OiMf5MNpn2b17kuVBwZLQJXzihw==",
      "dev": true
    },
    "node_modules/class-transformer": {
      "version": "0.4.0",
      "resolved": "https://registry.npmjs.org/class-transformer/-/class-transformer-0.4.0.tgz",
      "integrity": "sha512-ETWD/H2TbWbKEi7m9N4Km5+cw1hNcqJSxlSYhsLsNjQzWWiZIYA1zafxpK9PwVfaZ6AqR5rrjPVUBGESm5tQUA=="
    },
    "node_modules/date-fns": {
      "version": "2.29.3",
      "resolved": "https://registry.npmjs.org/date-fns/-/date-fns-2.29.3.tgz",
      "integrity": "sha512-dDCnyH2WnnKusqvZZ6+jA1O51Ibt8ZMRNkDZdyAyK4YfbDwa/cEmuztzG5pk6hqlp9aSBPYcjOlktquahGwGeA==",
      "engines": {
        "node": ">=0.11"
      },
      "funding": {
        "type": "opencollective",
        "url": "https://opencollective.com/date-fns"
      }
    },
    "node_modules/libphonenumber-js": {
      "version": "1.10.28",
      "resolved": "https://registry.npmjs.org/libphonenumber-js/-/libphonenumber-js-1.10.28.tgz",
      "integrity": "sha512-1eAgjLrZA0+2Wgw4hs+4Q/kEBycxQo8ZLYnmOvZ3AlM8ImAVAJgDPlZtISLEzD1vunc2q8s2Pn7XwB7I8U3Kzw=="
    },
    "node_modules/tslib": {
      "version": "1.14.1",
      "resolved": "https://registry.npmjs.org/tslib/-/tslib-1.14.1.tgz",
      "integrity": "sha512-Xni35NKzjgMrwevysHTCArtLDpPvye8zV/0E4EyYn43P7/7qvQwPh9BGkHewbMulVntbigmcT7rdX3BNo9wRJg=="
    },
    "node_modules/tsyringe": {
      "version": "4.7.0",
      "resolved": "https://registry.npmjs.org/tsyringe/-/tsyringe-4.7.0.tgz",
      "integrity": "sha512-ncFDM1jTLsok4ejMvSW5jN1VGPQD48y2tfAR0pdptWRKYX4bkbqPt92k7KJ5RFJ1KV36JEs/+TMh7I6OUgj74g==",
      "dependencies": {
        "tslib": "^1.9.3"
      },
      "engines": {
        "node": ">= 6.0.0"
      }
    },
    "node_modules/uuid": {
      "version": "8.3.2",
      "resolved": "https://registry.npmjs.org/uuid/-/uuid-8.3.2.tgz",
      "integrity": "sha512-+NYs2QeMWy+GWFOEm9xnn6HCDp0l7QBD7ml8zLUmJ+93Q5NF0NocErnwkTkXVFNiX3/fpC6afS8Dhb/gz7R7eg==",
      "bin": {
        "uuid": "dist/bin/uuid"
      }
    },
    "node_modules/validator": {
      "version": "13.9.0",
      "resolved": "https://registry.npmjs.org/validator/-/validator-13.9.0.tgz",
      "integrity": "sha512-B+dGG8U3fdtM0/aNK4/X8CXq/EcxU2WPrPEkJGslb47qyHsxmbggTWK0yEA4qnYVNF+nxNlN88o14hIcPmSIEA==",
      "engines": {
        "node": ">= 0.10"
      }
    }
  },
  "dependencies": {
    "@pristine-ts/class-validator": {
      "version": "1.0.20",
      "resolved": "https://registry.npmjs.org/@pristine-ts/class-validator/-/class-validator-1.0.20.tgz",
      "integrity": "sha512-KJAO3fJhkfIENVsz+l1NtqlzrSMfVZVv/CcCgZL+danATxgOLjKPxMvDgUtJeYjLqCwSnotgMSOv2pOrOMbA+w==",
      "requires": {
        "date-fns": "^2.28.0",
        "libphonenumber-js": "^1.10.6",
        "validator": "^13.7.0"
      }
    },
    "@pristine-ts/cli": {
      "version": "file:../../packages/cli",
      "requires": {
        "@pristine-ts/common": "file:../common",
        "@pristine-ts/core": "file:../core",
        "@pristine-ts/validation": "file:../validation",
        "class-transformer": "^0.5.1"
      }
    },
    "@pristine-ts/common": {
      "version": "file:../../packages/common",
      "requires": {
        "reflect-metadata": "^0.1.13",
        "tsyringe": "^4.4.0"
      }
    },
    "@pristine-ts/core": {
      "version": "file:../../packages/core",
      "requires": {
        "@pristine-ts/common": "file:../common",
        "@pristine-ts/configuration": "file:../configuration",
        "@pristine-ts/logging": "file:../logging",
        "@pristine-ts/security": "file:../security",
        "@pristine-ts/telemetry": "file:../telemetry",
        "@types/uuid": "^8.3.4",
        "uuid": "^8.3.2"
      }
    },
    "@pristine-ts/logging": {
      "version": "file:../../packages/logging",
      "requires": {
        "@pristine-ts/common": "file:../common",
        "@pristine-ts/configuration": "file:../configuration",
        "date-fns": "^2.22.1"
      }
    },
    "@pristine-ts/networking": {
      "version": "file:../../packages/networking",
      "requires": {
        "@pristine-ts/common": "file:../common",
        "@pristine-ts/core": "file:../core",
        "@pristine-ts/security": "file:../security",
        "@pristine-ts/telemetry": "file:../telemetry",
        "lodash": "^4.17.21"
      }
    },
    "@types/uuid": {
      "version": "8.3.4",
      "resolved": "https://registry.npmjs.org/@types/uuid/-/uuid-8.3.4.tgz",
      "integrity": "sha512-c/I8ZRb51j+pYGAu5CrFMRxqZ2ke4y2grEBO5AUjgSkSk+qT2Ea+OdWElz/OiMf5MNpn2b17kuVBwZLQJXzihw==",
      "dev": true
    },
    "class-transformer": {
      "version": "0.4.0",
      "resolved": "https://registry.npmjs.org/class-transformer/-/class-transformer-0.4.0.tgz",
      "integrity": "sha512-ETWD/H2TbWbKEi7m9N4Km5+cw1hNcqJSxlSYhsLsNjQzWWiZIYA1zafxpK9PwVfaZ6AqR5rrjPVUBGESm5tQUA=="
    },
    "date-fns": {
      "version": "2.29.3",
      "resolved": "https://registry.npmjs.org/date-fns/-/date-fns-2.29.3.tgz",
      "integrity": "sha512-dDCnyH2WnnKusqvZZ6+jA1O51Ibt8ZMRNkDZdyAyK4YfbDwa/cEmuztzG5pk6hqlp9aSBPYcjOlktquahGwGeA=="
    },
    "libphonenumber-js": {
      "version": "1.10.28",
      "resolved": "https://registry.npmjs.org/libphonenumber-js/-/libphonenumber-js-1.10.28.tgz",
      "integrity": "sha512-1eAgjLrZA0+2Wgw4hs+4Q/kEBycxQo8ZLYnmOvZ3AlM8ImAVAJgDPlZtISLEzD1vunc2q8s2Pn7XwB7I8U3Kzw=="
    },
    "tslib": {
      "version": "1.14.1",
      "resolved": "https://registry.npmjs.org/tslib/-/tslib-1.14.1.tgz",
      "integrity": "sha512-Xni35NKzjgMrwevysHTCArtLDpPvye8zV/0E4EyYn43P7/7qvQwPh9BGkHewbMulVntbigmcT7rdX3BNo9wRJg=="
    },
    "tsyringe": {
      "version": "4.7.0",
      "resolved": "https://registry.npmjs.org/tsyringe/-/tsyringe-4.7.0.tgz",
      "integrity": "sha512-ncFDM1jTLsok4ejMvSW5jN1VGPQD48y2tfAR0pdptWRKYX4bkbqPt92k7KJ5RFJ1KV36JEs/+TMh7I6OUgj74g==",
      "requires": {
        "tslib": "^1.9.3"
      }
    },
    "uuid": {
      "version": "8.3.2",
      "resolved": "https://registry.npmjs.org/uuid/-/uuid-8.3.2.tgz",
      "integrity": "sha512-+NYs2QeMWy+GWFOEm9xnn6HCDp0l7QBD7ml8zLUmJ+93Q5NF0NocErnwkTkXVFNiX3/fpC6afS8Dhb/gz7R7eg=="
    },
    "validator": {
      "version": "13.9.0",
      "resolved": "https://registry.npmjs.org/validator/-/validator-13.9.0.tgz",
      "integrity": "sha512-B+dGG8U3fdtM0/aNK4/X8CXq/EcxU2WPrPEkJGslb47qyHsxmbggTWK0yEA4qnYVNF+nxNlN88o14hIcPmSIEA=="
    }
  }
}
