{
  "name": "@pristine-ts/http",
  "version": "0.0.363",
  "lockfileVersion": 2,
  "requires": true,
  "packages": {
    "": {
      "name": "@pristine-ts/http",
      "version": "0.0.363",
      "license": "ISC",
      "dependencies": {
        "@pristine-ts/class-validator": "^2.0.2",
        "@pristine-ts/cli": "file:../cli",
        "@pristine-ts/common": "file:../common",
        "@pristine-ts/logging": "file:../logging",
        "lodash": "^4.17.21",
        "tsyringe": "^4.8.0"
      }
    },
    "../cli": {
      "name": "@pristine-ts/cli",
      "version": "0.0.350",
      "license": "ISC",
      "dependencies": {
        "@pristine-ts/common": "file:../common",
        "@pristine-ts/core": "file:../core",
        "@pristine-ts/data-mapping": "file:../data-mapping",
        "@pristine-ts/data-mapping-common": "file:../data-mapping-common",
        "@pristine-ts/file": "file:../file",
        "@pristine-ts/logging": "file:../logging",
        "@pristine-ts/validation": "file:../validation",
        "class-transformer": "^0.5.1"
      },
      "bin": {
        "pristine": "dist/lib/cjs/bin.js"
      }
    },
    "../common": {
      "name": "@pristine-ts/common",
      "version": "0.0.350",
      "license": "ISC",
      "dependencies": {
        "@pristine-ts/metadata": "^1.0.3",
        "reflect-metadata": "^0.1.13",
        "tsyringe": "^4.8.0"
      }
    },
    "../logging": {
      "name": "@pristine-ts/logging",
      "version": "0.0.350",
      "license": "ISC",
      "dependencies": {
        "@pristine-ts/common": "file:../common",
        "@pristine-ts/configuration": "file:../configuration",
        "date-fns": "^2.30.0"
      }
    },
    "node_modules/@pristine-ts/class-validator": {
      "version": "2.0.2",
      "resolved": "https://registry.npmjs.org/@pristine-ts/class-validator/-/class-validator-2.0.2.tgz",
      "integrity": "sha512-mKV2U08HYvKkEDrtJ4omnrJK/FejtZYsZiaQwlscIOw6rMfnpUnz4toJZO8RpCXjMysReVbUx4GX6r1NRNS9jg==",
      "dependencies": {
        "@pristine-ts/metadata": "^1.0.13",
        "date-fns": "^3.6.0",
        "libphonenumber-js": "^1.11.3",
        "reflect-metadata": "^0.2.2",
        "validator": "^13.12.0"
      }
    },
    "node_modules/@pristine-ts/cli": {
      "resolved": "../cli",
      "link": true
    },
    "node_modules/@pristine-ts/common": {
      "resolved": "../common",
      "link": true
    },
    "node_modules/@pristine-ts/logging": {
      "resolved": "../logging",
      "link": true
    },
    "node_modules/@pristine-ts/metadata": {
      "version": "1.0.13",
      "resolved": "https://registry.npmjs.org/@pristine-ts/metadata/-/metadata-1.0.13.tgz",
      "integrity": "sha512-jFQsFb2oYeM51oCZrkiwnloAbrSJ3fpgt0Rrp2o5TaO0RQf1YBjXNf+/7hTaVdaR0z7EEUCMkkW1hSsEMiLuXw==",
      "dependencies": {
        "reflect-metadata": "^0.2.1"
      }
    },
    "node_modules/date-fns": {
      "version": "3.6.0",
      "resolved": "https://registry.npmjs.org/date-fns/-/date-fns-3.6.0.tgz",
      "integrity": "sha512-fRHTG8g/Gif+kSh50gaGEdToemgfj74aRX3swtiouboip5JDLAyDE9F11nHMIcvOaXeOC6D7SpNhi7uFyB7Uww==",
      "funding": {
        "type": "github",
        "url": "https://github.com/sponsors/kossnocorp"
      }
    },
    "node_modules/libphonenumber-js": {
      "version": "1.11.4",
      "resolved": "https://registry.npmjs.org/libphonenumber-js/-/libphonenumber-js-1.11.4.tgz",
      "integrity": "sha512-F/R50HQuWWYcmU/esP5jrH5LiWYaN7DpN0a/99U8+mnGGtnx8kmRE+649dQh3v+CowXXZc8vpkf5AmYkO0AQ7Q=="
    },
    "node_modules/lodash": {
      "version": "4.17.21",
      "resolved": "https://registry.npmjs.org/lodash/-/lodash-4.17.21.tgz",
      "integrity": "sha512-v2kDEe57lecTulaDIuNTPy3Ry4gLGJ6Z1O3vE1krgXZNrsQ+LFTGHVxVjcXPs17LhbZVGedAJv8XZ1tvj5FvSg=="
    },
    "node_modules/reflect-metadata": {
      "version": "0.2.2",
      "resolved": "https://registry.npmjs.org/reflect-metadata/-/reflect-metadata-0.2.2.tgz",
      "integrity": "sha512-urBwgfrvVP/eAyXx4hluJivBKzuEbSQs9rKWCrCkbSxNv8mxPcUZKeuoF3Uy4mJl3Lwprp6yy5/39VWigZ4K6Q=="
    },
    "node_modules/tslib": {
      "version": "1.14.1",
      "resolved": "https://registry.npmjs.org/tslib/-/tslib-1.14.1.tgz",
      "integrity": "sha512-Xni35NKzjgMrwevysHTCArtLDpPvye8zV/0E4EyYn43P7/7qvQwPh9BGkHewbMulVntbigmcT7rdX3BNo9wRJg=="
    },
    "node_modules/tsyringe": {
      "version": "4.8.0",
      "resolved": "https://registry.npmjs.org/tsyringe/-/tsyringe-4.8.0.tgz",
      "integrity": "sha512-YB1FG+axdxADa3ncEtRnQCFq/M0lALGLxSZeVNbTU8NqhOVc51nnv2CISTcvc1kyv6EGPtXVr0v6lWeDxiijOA==",
      "dependencies": {
        "tslib": "^1.9.3"
      },
      "engines": {
        "node": ">= 6.0.0"
      }
    },
    "node_modules/validator": {
      "version": "13.12.0",
      "resolved": "https://registry.npmjs.org/validator/-/validator-13.12.0.tgz",
      "integrity": "sha512-c1Q0mCiPlgdTVVVIJIrBuxNicYE+t/7oKeI9MWLj3fh/uq2Pxh/3eeWbVZ4OcGW1TUf53At0njHw5SMdA3tmMg==",
      "engines": {
        "node": ">= 0.10"
      }
    }
  },
  "dependencies": {
    "@pristine-ts/class-validator": {
      "version": "2.0.2",
      "resolved": "https://registry.npmjs.org/@pristine-ts/class-validator/-/class-validator-2.0.2.tgz",
      "integrity": "sha512-mKV2U08HYvKkEDrtJ4omnrJK/FejtZYsZiaQwlscIOw6rMfnpUnz4toJZO8RpCXjMysReVbUx4GX6r1NRNS9jg==",
      "requires": {
        "@pristine-ts/metadata": "^1.0.13",
        "date-fns": "^3.6.0",
        "libphonenumber-js": "^1.11.3",
        "reflect-metadata": "^0.2.2",
        "validator": "^13.12.0"
      }
    },
    "@pristine-ts/cli": {
      "version": "file:../cli",
      "requires": {
        "@pristine-ts/common": "file:../common",
        "@pristine-ts/core": "file:../core",
        "@pristine-ts/data-mapping": "file:../data-mapping",
        "@pristine-ts/data-mapping-common": "file:../data-mapping-common",
        "@pristine-ts/file": "file:../file",
        "@pristine-ts/logging": "file:../logging",
        "@pristine-ts/validation": "file:../validation",
        "class-transformer": "^0.5.1"
      }
    },
    "@pristine-ts/common": {
      "version": "file:../common",
      "requires": {
        "@pristine-ts/metadata": "^1.0.3",
        "reflect-metadata": "^0.1.13",
        "tsyringe": "^4.8.0"
      }
    },
    "@pristine-ts/logging": {
      "version": "file:../logging",
      "requires": {
        "@pristine-ts/common": "file:../common",
        "@pristine-ts/configuration": "file:../configuration",
        "date-fns": "^2.30.0"
      }
    },
    "@pristine-ts/metadata": {
      "version": "1.0.13",
      "resolved": "https://registry.npmjs.org/@pristine-ts/metadata/-/metadata-1.0.13.tgz",
      "integrity": "sha512-jFQsFb2oYeM51oCZrkiwnloAbrSJ3fpgt0Rrp2o5TaO0RQf1YBjXNf+/7hTaVdaR0z7EEUCMkkW1hSsEMiLuXw==",
      "requires": {
        "reflect-metadata": "^0.2.1"
      }
    },
    "date-fns": {
      "version": "3.6.0",
      "resolved": "https://registry.npmjs.org/date-fns/-/date-fns-3.6.0.tgz",
      "integrity": "sha512-fRHTG8g/Gif+kSh50gaGEdToemgfj74aRX3swtiouboip5JDLAyDE9F11nHMIcvOaXeOC6D7SpNhi7uFyB7Uww=="
    },
    "libphonenumber-js": {
      "version": "1.11.4",
      "resolved": "https://registry.npmjs.org/libphonenumber-js/-/libphonenumber-js-1.11.4.tgz",
      "integrity": "sha512-F/R50HQuWWYcmU/esP5jrH5LiWYaN7DpN0a/99U8+mnGGtnx8kmRE+649dQh3v+CowXXZc8vpkf5AmYkO0AQ7Q=="
    },
    "lodash": {
      "version": "4.17.21",
      "resolved": "https://registry.npmjs.org/lodash/-/lodash-4.17.21.tgz",
      "integrity": "sha512-v2kDEe57lecTulaDIuNTPy3Ry4gLGJ6Z1O3vE1krgXZNrsQ+LFTGHVxVjcXPs17LhbZVGedAJv8XZ1tvj5FvSg=="
    },
    "reflect-metadata": {
      "version": "0.2.2",
      "resolved": "https://registry.npmjs.org/reflect-metadata/-/reflect-metadata-0.2.2.tgz",
      "integrity": "sha512-urBwgfrvVP/eAyXx4hluJivBKzuEbSQs9rKWCrCkbSxNv8mxPcUZKeuoF3Uy4mJl3Lwprp6yy5/39VWigZ4K6Q=="
    },
    "tslib": {
      "version": "1.14.1",
      "resolved": "https://registry.npmjs.org/tslib/-/tslib-1.14.1.tgz",
      "integrity": "sha512-Xni35NKzjgMrwevysHTCArtLDpPvye8zV/0E4EyYn43P7/7qvQwPh9BGkHewbMulVntbigmcT7rdX3BNo9wRJg=="
    },
    "tsyringe": {
      "version": "4.8.0",
      "resolved": "https://registry.npmjs.org/tsyringe/-/tsyringe-4.8.0.tgz",
      "integrity": "sha512-YB1FG+axdxADa3ncEtRnQCFq/M0lALGLxSZeVNbTU8NqhOVc51nnv2CISTcvc1kyv6EGPtXVr0v6lWeDxiijOA==",
      "requires": {
        "tslib": "^1.9.3"
      }
    },
    "validator": {
      "version": "13.12.0",
      "resolved": "https://registry.npmjs.org/validator/-/validator-13.12.0.tgz",
      "integrity": "sha512-c1Q0mCiPlgdTVVVIJIrBuxNicYE+t/7oKeI9MWLj3fh/uq2Pxh/3eeWbVZ4OcGW1TUf53At0njHw5SMdA3tmMg=="
    }
  }
}
