{
  "name": "@pristine-ts/e2e",
  "version": "1.0.0",
  "lockfileVersion": 2,
  "requires": true,
  "packages": {
    "": {
      "name": "@pristine-ts/e2e",
      "version": "1.0.0",
      "dependencies": {
        "@pristine-ts/common": "file:../../packages/common",
        "@pristine-ts/core": "file:../../packages/core",
        "@pristine-ts/express": "file:../../packages/express",
        "@pristine-ts/logging": "file:../../packages/logging",
        "@pristine-ts/networking": "file:../../packages/networking",
        "@pristine-ts/security": "file:../../packages/security",
        "uuid": "^8.3.2"
      }
    },
    "../../packages/common": {
      "version": "0.0.60",
      "license": "ISC"
    },
    "../../packages/core": {
      "version": "0.0.60",
      "license": "ISC",
      "dependencies": {
        "@pristine-ts/common": "file:../common",
        "@pristine-ts/configuration": "file:../configuration",
        "@pristine-ts/event": "file:../event",
        "@pristine-ts/logging": "file:../logging",
        "@pristine-ts/networking": "file:../networking",
        "@pristine-ts/security": "file:../security",
        "lodash": "^4.17.21",
        "reflect-metadata": "^0.1.13",
        "tsyringe": "^4.4.0"
      }
    },
    "../../packages/express": {
      "version": "0.0.60",
      "license": "ISC",
      "dependencies": {
        "@pristine-ts/common": "file:../common",
        "@pristine-ts/core": "file:../core",
        "@pristine-ts/networking": "file:../networking",
        "@types/express": "^4.17.9",
        "express": "^4.17.1",
        "reflect-metadata": "^0.1.13",
        "tsyringe": "^4.4.0",
        "url-parse": "^1.4.7"
      }
    },
    "../../packages/logging": {
      "version": "0.0.60",
      "license": "ISC",
      "dependencies": {
        "@pristine-ts/common": "file:../common"
      }
    },
    "../../packages/networking": {
      "version": "0.0.60",
      "license": "ISC",
      "dependencies": {
        "@pristine-ts/common": "file:../common",
        "@pristine-ts/security": "file:../security",
        "url-parse": "^1.4.7"
      }
    },
    "../../packages/security": {
      "version": "0.0.60",
      "license": "ISC",
      "dependencies": {
        "@pristine-ts/common": "file:../common",
        "@pristine-ts/logging": "file:../logging"
      },
      "devDependencies": {
        "@types/jsonwebtoken": "^8.5.0"
      }
    },
    "node_modules/@pristine-ts/common": {
      "resolved": "../../packages/common",
      "link": true
    },
    "node_modules/@pristine-ts/core": {
      "resolved": "../../packages/core",
      "link": true
    },
    "node_modules/@pristine-ts/express": {
      "resolved": "../../packages/express",
      "link": true
    },
    "node_modules/@pristine-ts/logging": {
      "resolved": "../../packages/logging",
      "link": true
    },
    "node_modules/@pristine-ts/networking": {
      "resolved": "../../packages/networking",
      "link": true
    },
    "node_modules/@pristine-ts/security": {
      "resolved": "../../packages/security",
      "link": true
    },
    "node_modules/uuid": {
      "version": "8.3.2",
      "resolved": "https://registry.npmjs.org/uuid/-/uuid-8.3.2.tgz",
      "integrity": "sha512-+NYs2QeMWy+GWFOEm9xnn6HCDp0l7QBD7ml8zLUmJ+93Q5NF0NocErnwkTkXVFNiX3/fpC6afS8Dhb/gz7R7eg==",
      "bin": {
        "uuid": "dist/bin/uuid"
      }
    }
  },
  "dependencies": {
    "@pristine-ts/common": {
      "version": "file:../../packages/common"
    },
    "@pristine-ts/core": {
      "version": "file:../../packages/core",
      "requires": {
        "@pristine-ts/common": "file:../common",
        "@pristine-ts/configuration": "file:../configuration",
        "@pristine-ts/event": "file:../event",
        "@pristine-ts/logging": "file:../logging",
        "@pristine-ts/networking": "file:../networking",
        "@pristine-ts/security": "file:../security",
        "lodash": "^4.17.21",
        "reflect-metadata": "^0.1.13",
        "tsyringe": "^4.4.0"
      }
    },
    "@pristine-ts/express": {
      "version": "file:../../packages/express",
      "requires": {
        "@pristine-ts/common": "file:../common",
        "@pristine-ts/core": "file:../core",
        "@pristine-ts/networking": "file:../networking",
        "@types/express": "^4.17.9",
        "express": "^4.17.1",
        "reflect-metadata": "^0.1.13",
        "tsyringe": "^4.4.0",
        "url-parse": "^1.4.7"
      }
    },
    "@pristine-ts/logging": {
      "version": "file:../../packages/logging",
      "requires": {
        "@pristine-ts/common": "file:../common"
      }
    },
    "@pristine-ts/networking": {
      "version": "file:../../packages/networking",
      "requires": {
        "@pristine-ts/common": "file:../common",
        "@pristine-ts/security": "file:../security",
        "url-parse": "^1.4.7"
      }
    },
    "@pristine-ts/security": {
      "version": "file:../../packages/security",
      "requires": {
        "@pristine-ts/common": "file:../common",
        "@pristine-ts/logging": "file:../logging",
        "@types/jsonwebtoken": "^8.5.0"
      }
    },
    "uuid": {
      "version": "8.3.2",
      "resolved": "https://registry.npmjs.org/uuid/-/uuid-8.3.2.tgz",
      "integrity": "sha512-+NYs2QeMWy+GWFOEm9xnn6HCDp0l7QBD7ml8zLUmJ+93Q5NF0NocErnwkTkXVFNiX3/fpC6afS8Dhb/gz7R7eg=="
    }
  }
}
