{
  "name": "@pristine-ts/scheduling",
  "version": "0.0.212",
  "lockfileVersion": 2,
  "requires": true,
  "packages": {
    "": {
      "name": "@pristine-ts/scheduling",
      "version": "0.0.123",
      "license": "ISC",
      "dependencies": {
        "@pristine-ts/common": "file:../common",
        "@pristine-ts/logging": "file:../logging"
      },
      "devDependencies": {}
    },
    "../common": {
      "name": "@pristine-ts/common",
      "version": "0.0.123",
      "license": "ISC"
    },
    "../logging": {
      "name": "@pristine-ts/logging",
      "version": "0.0.123",
      "license": "ISC",
      "dependencies": {
        "@pristine-ts/common": "file:../common",
        "@pristine-ts/configuration": "file:../configuration",
        "date-fns": "^2.22.1"
      }
    },
    "node_modules/@pristine-ts/common": {
      "resolved": "../common",
      "link": true
    },
    "node_modules/@pristine-ts/logging": {
      "resolved": "../logging",
      "link": true
    }
  },
  "dependencies": {
    "@pristine-ts/common": {
      "version": "file:../common"
    },
    "@pristine-ts/logging": {
      "version": "file:../logging",
      "requires": {
        "@pristine-ts/common": "file:../common",
        "@pristine-ts/configuration": "file:../configuration",
        "date-fns": "^2.22.1"
      }
    }
  }
}
