{
  "name": "@pristine-ts/data-transformer",
  "version": "0.0.276",
  "lockfileVersion": 2,
  "requires": true,
  "packages": {
    "": {
      "name": "@pristine-ts/data-transformer",
      "version": "0.0.276",
      "license": "ISC",
      "dependencies": {
        "@pristine-ts/common": "file:../common",
        "@pristine-ts/logging": "file:../logging",
        "@pristine-ts/metadata": "~1.0.2",
        "class-transformer": "^0.5.1"
      }
    },
    "../common": {
      "name": "@pristine-ts/common",
      "version": "0.0.276",
      "license": "ISC",
      "dependencies": {
        "@pristine-ts/metadata": "^1.0.2",
        "reflect-metadata": "^0.1.13",
        "tsyringe": "^4.8.0"
      }
    },
    "../logging": {
      "name": "@pristine-ts/logging",
      "version": "0.0.276",
      "license": "ISC",
      "dependencies": {
        "@pristine-ts/common": "file:../common",
        "@pristine-ts/configuration": "file:../configuration",
        "date-fns": "^2.30.0"
      }
    },
    "node_modules/@pristine-ts/common": {
      "resolved": "../common",
      "link": true
    },
    "node_modules/@pristine-ts/logging": {
      "resolved": "../logging",
      "link": true
    },
    "node_modules/@pristine-ts/metadata": {
      "version": "1.0.2",
      "resolved": "https://registry.npmjs.org/@pristine-ts/metadata/-/metadata-1.0.2.tgz",
      "integrity": "sha512-flztBNC8Rf8IqrapZCrz86IUc/wf+L13gRL+R3Z5wCQxldG5GTGd+eJYEgDfzKa7crxoofz8Y1+2kJDj4nScdg==",
      "dependencies": {
        "reflect-metadata": "^0.2.1"
      }
    },
    "node_modules/class-transformer": {
      "version": "0.5.1",
      "resolved": "https://registry.npmjs.org/class-transformer/-/class-transformer-0.5.1.tgz",
      "integrity": "sha512-SQa1Ws6hUbfC98vKGxZH3KFY0Y1lm5Zm0SY8XX9zbK7FJCyVEac3ATW0RIpwzW+oOfmHE5PMPufDG9hCfoEOMw=="
    },
    "node_modules/reflect-metadata": {
      "version": "0.2.1",
      "resolved": "https://registry.npmjs.org/reflect-metadata/-/reflect-metadata-0.2.1.tgz",
      "integrity": "sha512-i5lLI6iw9AU3Uu4szRNPPEkomnkjRTaVt9hy/bn5g/oSzekBSMeLZblcjP74AW0vBabqERLLIrz+gR8QYR54Tw=="
    }
  },
  "dependencies": {
    "@pristine-ts/common": {
      "version": "file:../common",
      "requires": {
        "@pristine-ts/metadata": "^1.0.2",
        "reflect-metadata": "^0.1.13",
        "tsyringe": "^4.8.0"
      }
    },
    "@pristine-ts/logging": {
      "version": "file:../logging",
      "requires": {
        "@pristine-ts/common": "file:../common",
        "@pristine-ts/configuration": "file:../configuration",
        "date-fns": "^2.30.0"
      }
    },
    "@pristine-ts/metadata": {
      "version": "1.0.2",
      "resolved": "https://registry.npmjs.org/@pristine-ts/metadata/-/metadata-1.0.2.tgz",
      "integrity": "sha512-flztBNC8Rf8IqrapZCrz86IUc/wf+L13gRL+R3Z5wCQxldG5GTGd+eJYEgDfzKa7crxoofz8Y1+2kJDj4nScdg==",
      "requires": {
        "reflect-metadata": "^0.2.1"
      }
    },
    "class-transformer": {
      "version": "0.5.1",
      "resolved": "https://registry.npmjs.org/class-transformer/-/class-transformer-0.5.1.tgz",
      "integrity": "sha512-SQa1Ws6hUbfC98vKGxZH3KFY0Y1lm5Zm0SY8XX9zbK7FJCyVEac3ATW0RIpwzW+oOfmHE5PMPufDG9hCfoEOMw=="
    },
    "reflect-metadata": {
      "version": "0.2.1",
      "resolved": "https://registry.npmjs.org/reflect-metadata/-/reflect-metadata-0.2.1.tgz",
      "integrity": "sha512-i5lLI6iw9AU3Uu4szRNPPEkomnkjRTaVt9hy/bn5g/oSzekBSMeLZblcjP74AW0vBabqERLLIrz+gR8QYR54Tw=="
    }
  }
}
