{
  "name": "@pristine-ts/mysql",
  "version": "1.0.408",
  "lockfileVersion": 2,
  "requires": true,
  "packages": {
    "": {
      "name": "@pristine-ts/mysql",
      "version": "1.0.408",
      "license": "ISC",
      "dependencies": {
        "@pristine-ts/common": "file:../common",
        "@pristine-ts/core": "file:../core",
        "@pristine-ts/data-mapping": "file:../data-mapping",
        "@pristine-ts/data-mapping-common": "file:../data-mapping-common",
        "@pristine-ts/metadata": "^1.0.16",
        "@pristine-ts/mysql-common": "file:../mysql-common",
        "@pristine-ts/security": "file:../security",
        "@pristine-ts/telemetry": "file:../telemetry",
        "mysql2": "^3.10.0",
        "tsyringe": "^4.8.0"
      }
    },
    "../common": {
      "name": "@pristine-ts/common",
      "version": "0.0.363",
      "license": "ISC",
      "dependencies": {
        "@pristine-ts/metadata": "^1.0.16",
        "reflect-metadata": "^0.1.13",
        "tsyringe": "^4.8.0"
      }
    },
    "../core": {
      "name": "@pristine-ts/core",
      "version": "0.0.363",
      "license": "ISC",
      "dependencies": {
        "@pristine-ts/common": "file:../common",
        "@pristine-ts/configuration": "file:../configuration",
        "@pristine-ts/logging": "file:../logging",
        "@pristine-ts/security": "file:../security",
        "@pristine-ts/telemetry": "file:../telemetry",
        "uuid": "^9.0.1"
      },
      "devDependencies": {
        "@types/uuid": "^9.0.6"
      }
    },
    "../data-mapping": {
      "name": "@pristine-ts/data-mapping",
      "version": "0.0.363",
      "license": "ISC",
      "dependencies": {
        "@pristine-ts/common": "file:../common",
        "@pristine-ts/data-mapping-common": "file:../data-mapping-common",
        "@pristine-ts/logging": "file:../logging",
        "@pristine-ts/metadata": "^1.0.16",
        "class-transformer": "^0.5.1",
        "date-fns": "^3.3.1",
        "tsyringe": "^4.8.0"
      }
    },
    "../data-mapping-common": {
      "name": "@pristine-ts/data-mapping-common",
      "version": "0.0.363",
      "license": "ISC",
      "dependencies": {
        "@pristine-ts/class-validator": "^2.0.4",
        "@pristine-ts/metadata": "^1.0.16",
        "class-transformer": "^0.5.1",
        "date-fns": "^3.3.1"
      }
    },
    "../mysql-common": {
      "name": "@pristine-ts/mysql-common",
      "version": "0.0.363",
      "license": "ISC",
      "dependencies": {
        "@pristine-ts/common": "file:../common",
        "@pristine-ts/metadata": "^1.0.16"
      }
    },
    "../security": {
      "name": "@pristine-ts/security",
      "version": "0.0.363",
      "license": "ISC",
      "dependencies": {
        "@pristine-ts/common": "file:../common",
        "@pristine-ts/logging": "file:../logging"
      },
      "devDependencies": {
        "@types/jsonwebtoken": "^8.5.1"
      }
    },
    "../telemetry": {
      "name": "@pristine-ts/telemetry",
      "version": "0.0.363",
      "license": "ISC",
      "dependencies": {
        "@pristine-ts/common": "file:../common",
        "@pristine-ts/logging": "file:../logging",
        "uuid": "^9.0.1"
      },
      "devDependencies": {
        "@types/uuid": "^9.0.6"
      }
    },
    "node_modules/@pristine-ts/common": {
      "resolved": "../common",
      "link": true
    },
    "node_modules/@pristine-ts/core": {
      "resolved": "../core",
      "link": true
    },
    "node_modules/@pristine-ts/data-mapping": {
      "resolved": "../data-mapping",
      "link": true
    },
    "node_modules/@pristine-ts/data-mapping-common": {
      "resolved": "../data-mapping-common",
      "link": true
    },
    "node_modules/@pristine-ts/metadata": {
      "version": "1.0.16",
      "resolved": "https://registry.npmjs.org/@pristine-ts/metadata/-/metadata-1.0.16.tgz",
      "integrity": "sha512-Fm/oAp5KYdq0ldIzwu4EiiNRcVidK01mS+75e4urAKmF9ZN2fHwuXjvURi9J2Ge+vIocoiErLmOXSK2HcB3RYg==",
      "license": "ISC",
      "dependencies": {
        "reflect-metadata": "^0.2.1"
      }
    },
    "node_modules/@pristine-ts/mysql-common": {
      "resolved": "../mysql-common",
      "link": true
    },
    "node_modules/@pristine-ts/security": {
      "resolved": "../security",
      "link": true
    },
    "node_modules/@pristine-ts/telemetry": {
      "resolved": "../telemetry",
      "link": true
    },
    "node_modules/denque": {
      "version": "2.1.0",
      "resolved": "https://registry.npmjs.org/denque/-/denque-2.1.0.tgz",
      "integrity": "sha512-HVQE3AAb/pxF8fQAoiqpvg9i3evqug3hoiwakOyZAwJm+6vZehbkYXZ0l4JxS+I3QxM97v5aaRNhj8v5oBhekw==",
      "engines": {
        "node": ">=0.10"
      }
    },
    "node_modules/generate-function": {
      "version": "2.3.1",
      "resolved": "https://registry.npmjs.org/generate-function/-/generate-function-2.3.1.tgz",
      "integrity": "sha512-eeB5GfMNeevm/GRYq20ShmsaGcmI81kIX2K9XQx5miC8KdHaC6Jm0qQ8ZNeGOi7wYB8OsdxKs+Y2oVuTFuVwKQ==",
      "dependencies": {
        "is-property": "^1.0.2"
      }
    },
    "node_modules/iconv-lite": {
      "version": "0.6.3",
      "resolved": "https://registry.npmjs.org/iconv-lite/-/iconv-lite-0.6.3.tgz",
      "integrity": "sha512-4fCk79wshMdzMp2rH06qWrJE4iolqLhCUH+OiuIgU++RB0+94NlDL81atO7GX55uUKueo0txHNtvEyI6D7WdMw==",
      "dependencies": {
        "safer-buffer": ">= 2.1.2 < 3.0.0"
      },
      "engines": {
        "node": ">=0.10.0"
      }
    },
    "node_modules/is-property": {
      "version": "1.0.2",
      "resolved": "https://registry.npmjs.org/is-property/-/is-property-1.0.2.tgz",
      "integrity": "sha512-Ks/IoX00TtClbGQr4TWXemAnktAQvYB7HzcCxDGqEZU6oCmb2INHuOoKxbtR+HFkmYWBKv/dOZtGRiAjDhj92g=="
    },
    "node_modules/long": {
      "version": "5.2.3",
      "resolved": "https://registry.npmjs.org/long/-/long-5.2.3.tgz",
      "integrity": "sha512-lcHwpNoggQTObv5apGNCTdJrO69eHOZMi4BNC+rTLER8iHAqGrUVeLh/irVIM7zTw2bOXA8T6uNPeujwOLg/2Q=="
    },
    "node_modules/lru-cache": {
      "version": "8.0.5",
      "resolved": "https://registry.npmjs.org/lru-cache/-/lru-cache-8.0.5.tgz",
      "integrity": "sha512-MhWWlVnuab1RG5/zMRRcVGXZLCXrZTgfwMikgzCegsPnG62yDQo5JnqKkrK4jO5iKqDAZGItAqN5CtKBCBWRUA==",
      "engines": {
        "node": ">=16.14"
      }
    },
    "node_modules/mysql2": {
      "version": "3.10.0",
      "resolved": "https://registry.npmjs.org/mysql2/-/mysql2-3.10.0.tgz",
      "integrity": "sha512-qx0mfWYt1DpTPkw8mAcHW/OwqqyNqBLBHvY5IjN8+icIYTjt6znrgYJ+gxqNNRpVknb5Wc/gcCM4XjbCR0j5tw==",
      "dependencies": {
        "denque": "^2.1.0",
        "generate-function": "^2.3.1",
        "iconv-lite": "^0.6.3",
        "long": "^5.2.1",
        "lru-cache": "^8.0.0",
        "named-placeholders": "^1.1.3",
        "seq-queue": "^0.0.5",
        "sqlstring": "^2.3.2"
      },
      "engines": {
        "node": ">= 8.0"
      }
    },
    "node_modules/named-placeholders": {
      "version": "1.1.3",
      "resolved": "https://registry.npmjs.org/named-placeholders/-/named-placeholders-1.1.3.tgz",
      "integrity": "sha512-eLoBxg6wE/rZkJPhU/xRX1WTpkFEwDJEN96oxFrTsqBdbT5ec295Q+CoHrL9IT0DipqKhmGcaZmwOt8OON5x1w==",
      "dependencies": {
        "lru-cache": "^7.14.1"
      },
      "engines": {
        "node": ">=12.0.0"
      }
    },
    "node_modules/named-placeholders/node_modules/lru-cache": {
      "version": "7.18.3",
      "resolved": "https://registry.npmjs.org/lru-cache/-/lru-cache-7.18.3.tgz",
      "integrity": "sha512-jumlc0BIUrS3qJGgIkWZsyfAM7NCWiBcCDhnd+3NNM5KbBmLTgHVfWBcg6W+rLUsIpzpERPsvwUP7CckAQSOoA==",
      "engines": {
        "node": ">=12"
      }
    },
    "node_modules/reflect-metadata": {
      "version": "0.2.1",
      "resolved": "https://registry.npmjs.org/reflect-metadata/-/reflect-metadata-0.2.1.tgz",
      "integrity": "sha512-i5lLI6iw9AU3Uu4szRNPPEkomnkjRTaVt9hy/bn5g/oSzekBSMeLZblcjP74AW0vBabqERLLIrz+gR8QYR54Tw=="
    },
    "node_modules/safer-buffer": {
      "version": "2.1.2",
      "resolved": "https://registry.npmjs.org/safer-buffer/-/safer-buffer-2.1.2.tgz",
      "integrity": "sha512-YZo3K82SD7Riyi0E1EQPojLz7kpepnSQI9IyPbHHg1XXXevb5dJI7tpyN2ADxGcQbHG7vcyRHk0cbwqcQriUtg=="
    },
    "node_modules/seq-queue": {
      "version": "0.0.5",
      "resolved": "https://registry.npmjs.org/seq-queue/-/seq-queue-0.0.5.tgz",
      "integrity": "sha512-hr3Wtp/GZIc/6DAGPDcV4/9WoZhjrkXsi5B/07QgX8tsdc6ilr7BFM6PM6rbdAX1kFSDYeZGLipIZZKyQP0O5Q=="
    },
    "node_modules/sqlstring": {
      "version": "2.3.3",
      "resolved": "https://registry.npmjs.org/sqlstring/-/sqlstring-2.3.3.tgz",
      "integrity": "sha512-qC9iz2FlN7DQl3+wjwn3802RTyjCx7sDvfQEXchwa6CWOx07/WVfh91gBmQ9fahw8snwGEWU3xGzOt4tFyHLxg==",
      "engines": {
        "node": ">= 0.6"
      }
    },
    "node_modules/tslib": {
      "version": "1.14.1",
      "resolved": "https://registry.npmjs.org/tslib/-/tslib-1.14.1.tgz",
      "integrity": "sha512-Xni35NKzjgMrwevysHTCArtLDpPvye8zV/0E4EyYn43P7/7qvQwPh9BGkHewbMulVntbigmcT7rdX3BNo9wRJg=="
    },
    "node_modules/tsyringe": {
      "version": "4.8.0",
      "resolved": "https://registry.npmjs.org/tsyringe/-/tsyringe-4.8.0.tgz",
      "integrity": "sha512-YB1FG+axdxADa3ncEtRnQCFq/M0lALGLxSZeVNbTU8NqhOVc51nnv2CISTcvc1kyv6EGPtXVr0v6lWeDxiijOA==",
      "dependencies": {
        "tslib": "^1.9.3"
      },
      "engines": {
        "node": ">= 6.0.0"
      }
    }
  },
  "dependencies": {
    "@pristine-ts/common": {
      "version": "file:../common",
      "requires": {
        "@pristine-ts/metadata": "^1.0.16",
        "reflect-metadata": "^0.1.13",
        "tsyringe": "^4.8.0"
      }
    },
    "@pristine-ts/core": {
      "version": "file:../core",
      "requires": {
        "@pristine-ts/common": "file:../common",
        "@pristine-ts/configuration": "file:../configuration",
        "@pristine-ts/logging": "file:../logging",
        "@pristine-ts/security": "file:../security",
        "@pristine-ts/telemetry": "file:../telemetry",
        "@types/uuid": "^9.0.6",
        "uuid": "^9.0.1"
      }
    },
    "@pristine-ts/data-mapping": {
      "version": "file:../data-mapping",
      "requires": {
        "@pristine-ts/common": "file:../common",
        "@pristine-ts/data-mapping-common": "file:../data-mapping-common",
        "@pristine-ts/logging": "file:../logging",
        "@pristine-ts/metadata": "^1.0.16",
        "class-transformer": "^0.5.1",
        "date-fns": "^3.3.1",
        "tsyringe": "^4.8.0"
      }
    },
    "@pristine-ts/data-mapping-common": {
      "version": "file:../data-mapping-common",
      "requires": {
        "@pristine-ts/class-validator": "^2.0.4",
        "@pristine-ts/metadata": "^1.0.16",
        "class-transformer": "^0.5.1",
        "date-fns": "^3.3.1"
      }
    },
    "@pristine-ts/metadata": {
      "version": "1.0.16",
      "resolved": "https://registry.npmjs.org/@pristine-ts/metadata/-/metadata-1.0.16.tgz",
      "integrity": "sha512-Fm/oAp5KYdq0ldIzwu4EiiNRcVidK01mS+75e4urAKmF9ZN2fHwuXjvURi9J2Ge+vIocoiErLmOXSK2HcB3RYg==",
      "requires": {
        "reflect-metadata": "^0.2.1"
      }
    },
    "@pristine-ts/mysql-common": {
      "version": "file:../mysql-common",
      "requires": {
        "@pristine-ts/common": "file:../common",
        "@pristine-ts/metadata": "^1.0.16"
      }
    },
    "@pristine-ts/security": {
      "version": "file:../security",
      "requires": {
        "@pristine-ts/common": "file:../common",
        "@pristine-ts/logging": "file:../logging",
        "@types/jsonwebtoken": "^8.5.1"
      }
    },
    "@pristine-ts/telemetry": {
      "version": "file:../telemetry",
      "requires": {
        "@pristine-ts/common": "file:../common",
        "@pristine-ts/logging": "file:../logging",
        "@types/uuid": "^9.0.6",
        "uuid": "^9.0.1"
      }
    },
    "denque": {
      "version": "2.1.0",
      "resolved": "https://registry.npmjs.org/denque/-/denque-2.1.0.tgz",
      "integrity": "sha512-HVQE3AAb/pxF8fQAoiqpvg9i3evqug3hoiwakOyZAwJm+6vZehbkYXZ0l4JxS+I3QxM97v5aaRNhj8v5oBhekw=="
    },
    "generate-function": {
      "version": "2.3.1",
      "resolved": "https://registry.npmjs.org/generate-function/-/generate-function-2.3.1.tgz",
      "integrity": "sha512-eeB5GfMNeevm/GRYq20ShmsaGcmI81kIX2K9XQx5miC8KdHaC6Jm0qQ8ZNeGOi7wYB8OsdxKs+Y2oVuTFuVwKQ==",
      "requires": {
        "is-property": "^1.0.2"
      }
    },
    "iconv-lite": {
      "version": "0.6.3",
      "resolved": "https://registry.npmjs.org/iconv-lite/-/iconv-lite-0.6.3.tgz",
      "integrity": "sha512-4fCk79wshMdzMp2rH06qWrJE4iolqLhCUH+OiuIgU++RB0+94NlDL81atO7GX55uUKueo0txHNtvEyI6D7WdMw==",
      "requires": {
        "safer-buffer": ">= 2.1.2 < 3.0.0"
      }
    },
    "is-property": {
      "version": "1.0.2",
      "resolved": "https://registry.npmjs.org/is-property/-/is-property-1.0.2.tgz",
      "integrity": "sha512-Ks/IoX00TtClbGQr4TWXemAnktAQvYB7HzcCxDGqEZU6oCmb2INHuOoKxbtR+HFkmYWBKv/dOZtGRiAjDhj92g=="
    },
    "long": {
      "version": "5.2.3",
      "resolved": "https://registry.npmjs.org/long/-/long-5.2.3.tgz",
      "integrity": "sha512-lcHwpNoggQTObv5apGNCTdJrO69eHOZMi4BNC+rTLER8iHAqGrUVeLh/irVIM7zTw2bOXA8T6uNPeujwOLg/2Q=="
    },
    "lru-cache": {
      "version": "8.0.5",
      "resolved": "https://registry.npmjs.org/lru-cache/-/lru-cache-8.0.5.tgz",
      "integrity": "sha512-MhWWlVnuab1RG5/zMRRcVGXZLCXrZTgfwMikgzCegsPnG62yDQo5JnqKkrK4jO5iKqDAZGItAqN5CtKBCBWRUA=="
    },
    "mysql2": {
      "version": "3.10.0",
      "resolved": "https://registry.npmjs.org/mysql2/-/mysql2-3.10.0.tgz",
      "integrity": "sha512-qx0mfWYt1DpTPkw8mAcHW/OwqqyNqBLBHvY5IjN8+icIYTjt6znrgYJ+gxqNNRpVknb5Wc/gcCM4XjbCR0j5tw==",
      "requires": {
        "denque": "^2.1.0",
        "generate-function": "^2.3.1",
        "iconv-lite": "^0.6.3",
        "long": "^5.2.1",
        "lru-cache": "^8.0.0",
        "named-placeholders": "^1.1.3",
        "seq-queue": "^0.0.5",
        "sqlstring": "^2.3.2"
      }
    },
    "named-placeholders": {
      "version": "1.1.3",
      "resolved": "https://registry.npmjs.org/named-placeholders/-/named-placeholders-1.1.3.tgz",
      "integrity": "sha512-eLoBxg6wE/rZkJPhU/xRX1WTpkFEwDJEN96oxFrTsqBdbT5ec295Q+CoHrL9IT0DipqKhmGcaZmwOt8OON5x1w==",
      "requires": {
        "lru-cache": "^7.14.1"
      },
      "dependencies": {
        "lru-cache": {
          "version": "7.18.3",
          "resolved": "https://registry.npmjs.org/lru-cache/-/lru-cache-7.18.3.tgz",
          "integrity": "sha512-jumlc0BIUrS3qJGgIkWZsyfAM7NCWiBcCDhnd+3NNM5KbBmLTgHVfWBcg6W+rLUsIpzpERPsvwUP7CckAQSOoA=="
        }
      }
    },
    "reflect-metadata": {
      "version": "0.2.1",
      "resolved": "https://registry.npmjs.org/reflect-metadata/-/reflect-metadata-0.2.1.tgz",
      "integrity": "sha512-i5lLI6iw9AU3Uu4szRNPPEkomnkjRTaVt9hy/bn5g/oSzekBSMeLZblcjP74AW0vBabqERLLIrz+gR8QYR54Tw=="
    },
    "safer-buffer": {
      "version": "2.1.2",
      "resolved": "https://registry.npmjs.org/safer-buffer/-/safer-buffer-2.1.2.tgz",
      "integrity": "sha512-YZo3K82SD7Riyi0E1EQPojLz7kpepnSQI9IyPbHHg1XXXevb5dJI7tpyN2ADxGcQbHG7vcyRHk0cbwqcQriUtg=="
    },
    "seq-queue": {
      "version": "0.0.5",
      "resolved": "https://registry.npmjs.org/seq-queue/-/seq-queue-0.0.5.tgz",
      "integrity": "sha512-hr3Wtp/GZIc/6DAGPDcV4/9WoZhjrkXsi5B/07QgX8tsdc6ilr7BFM6PM6rbdAX1kFSDYeZGLipIZZKyQP0O5Q=="
    },
    "sqlstring": {
      "version": "2.3.3",
      "resolved": "https://registry.npmjs.org/sqlstring/-/sqlstring-2.3.3.tgz",
      "integrity": "sha512-qC9iz2FlN7DQl3+wjwn3802RTyjCx7sDvfQEXchwa6CWOx07/WVfh91gBmQ9fahw8snwGEWU3xGzOt4tFyHLxg=="
    },
    "tslib": {
      "version": "1.14.1",
      "resolved": "https://registry.npmjs.org/tslib/-/tslib-1.14.1.tgz",
      "integrity": "sha512-Xni35NKzjgMrwevysHTCArtLDpPvye8zV/0E4EyYn43P7/7qvQwPh9BGkHewbMulVntbigmcT7rdX3BNo9wRJg=="
    },
    "tsyringe": {
      "version": "4.8.0",
      "resolved": "https://registry.npmjs.org/tsyringe/-/tsyringe-4.8.0.tgz",
      "integrity": "sha512-YB1FG+axdxADa3ncEtRnQCFq/M0lALGLxSZeVNbTU8NqhOVc51nnv2CISTcvc1kyv6EGPtXVr0v6lWeDxiijOA==",
      "requires": {
        "tslib": "^1.9.3"
      }
    }
  }
}
