{
  "name": "@pristine-ts/networking",
  "version": "0.0.233",
  "lockfileVersion": 2,
  "requires": true,
  "packages": {
    "": {
      "name": "@pristine-ts/networking",
      "version": "0.0.225",
      "license": "ISC",
      "dependencies": {
        "@pristine-ts/common": "file:../common",
        "@pristine-ts/core": "file:../core",
        "@pristine-ts/security": "file:../security",
        "@pristine-ts/telemetry": "file:../telemetry",
        "lodash": "^4.17.21"
      }
    },
    "../common": {
      "name": "@pristine-ts/common",
      "version": "0.0.225",
      "license": "ISC",
      "dependencies": {
        "reflect-metadata": "^0.1.13",
        "tsyringe": "^4.4.0"
      }
    },
    "../core": {
      "name": "@pristine-ts/core",
      "version": "0.0.225",
      "license": "ISC",
      "dependencies": {
        "@pristine-ts/common": "file:../common",
        "@pristine-ts/configuration": "file:../configuration",
        "@pristine-ts/logging": "file:../logging",
        "@pristine-ts/security": "file:../security",
        "@pristine-ts/telemetry": "file:../telemetry",
        "uuid": "^8.3.2"
      },
      "devDependencies": {
        "@types/uuid": "^8.3.4"
      }
    },
    "../security": {
      "name": "@pristine-ts/security",
      "version": "0.0.225",
      "license": "ISC",
      "dependencies": {
        "@pristine-ts/common": "file:../common",
        "@pristine-ts/logging": "file:../logging"
      },
      "devDependencies": {
        "@types/jsonwebtoken": "^8.5.0"
      }
    },
    "../telemetry": {
      "name": "@pristine-ts/telemetry",
      "version": "0.0.225",
      "license": "ISC",
      "dependencies": {
        "@pristine-ts/common": "file:../common",
        "@pristine-ts/logging": "file:../logging",
        "uuid": "^8.3.2"
      },
      "devDependencies": {
        "@types/uuid": "^8.3.4"
      }
    },
    "node_modules/@pristine-ts/common": {
      "resolved": "../common",
      "link": true
    },
    "node_modules/@pristine-ts/core": {
      "resolved": "../core",
      "link": true
    },
    "node_modules/@pristine-ts/security": {
      "resolved": "../security",
      "link": true
    },
    "node_modules/@pristine-ts/telemetry": {
      "resolved": "../telemetry",
      "link": true
    },
    "node_modules/lodash": {
      "version": "4.17.21",
      "resolved": "https://registry.npmjs.org/lodash/-/lodash-4.17.21.tgz",
      "integrity": "sha512-v2kDEe57lecTulaDIuNTPy3Ry4gLGJ6Z1O3vE1krgXZNrsQ+LFTGHVxVjcXPs17LhbZVGedAJv8XZ1tvj5FvSg=="
    }
  },
  "dependencies": {
    "@pristine-ts/common": {
      "version": "file:../common",
      "requires": {
        "reflect-metadata": "^0.1.13",
        "tsyringe": "^4.4.0"
      }
    },
    "@pristine-ts/core": {
      "version": "file:../core",
      "requires": {
        "@pristine-ts/common": "file:../common",
        "@pristine-ts/configuration": "file:../configuration",
        "@pristine-ts/logging": "file:../logging",
        "@pristine-ts/security": "file:../security",
        "@pristine-ts/telemetry": "file:../telemetry",
        "@types/uuid": "^8.3.4",
        "uuid": "^8.3.2"
      }
    },
    "@pristine-ts/security": {
      "version": "file:../security",
      "requires": {
        "@pristine-ts/common": "file:../common",
        "@pristine-ts/logging": "file:../logging",
        "@types/jsonwebtoken": "^8.5.0"
      }
    },
    "@pristine-ts/telemetry": {
      "version": "file:../telemetry",
      "requires": {
        "@pristine-ts/common": "file:../common",
        "@pristine-ts/logging": "file:../logging",
        "@types/uuid": "^8.3.4",
        "uuid": "^8.3.2"
      }
    },
    "lodash": {
      "version": "4.17.21",
      "resolved": "https://registry.npmjs.org/lodash/-/lodash-4.17.21.tgz",
      "integrity": "sha512-v2kDEe57lecTulaDIuNTPy3Ry4gLGJ6Z1O3vE1krgXZNrsQ+LFTGHVxVjcXPs17LhbZVGedAJv8XZ1tvj5FvSg=="
    }
  }
}
