{
  "name": "@pristine-ts/networking",
  "version": "1.0.412",
  "lockfileVersion": 2,
  "requires": true,
  "packages": {
    "": {
      "name": "@pristine-ts/networking",
      "version": "1.0.412",
      "license": "ISC",
      "dependencies": {
        "@pristine-ts/common": "file:../common",
        "@pristine-ts/core": "file:../core",
        "@pristine-ts/data-mapping": "file:../data-mapping",
        "@pristine-ts/metadata": "^1.0.16",
        "@pristine-ts/security": "file:../security",
        "@pristine-ts/telemetry": "file:../telemetry",
        "lodash": "^4.17.21"
      }
    },
    "../common": {
      "name": "@pristine-ts/common",
      "version": "1.0.412",
      "license": "ISC",
      "dependencies": {
        "@pristine-ts/metadata": "^1.0.16",
        "reflect-metadata": "^0.1.13",
        "tsyringe": "^4.8.0"
      }
    },
    "../core": {
      "name": "@pristine-ts/core",
      "version": "1.0.412",
      "license": "ISC",
      "dependencies": {
        "@pristine-ts/common": "file:../common",
        "@pristine-ts/configuration": "file:../configuration",
        "@pristine-ts/logging": "file:../logging",
        "@pristine-ts/security": "file:../security",
        "@pristine-ts/telemetry": "file:../telemetry",
        "uuid": "^9.0.1"
      },
      "devDependencies": {
        "@types/uuid": "^9.0.6"
      }
    },
    "../data-mapping": {
      "name": "@pristine-ts/data-mapping",
      "version": "1.0.412",
      "license": "ISC",
      "dependencies": {
        "@pristine-ts/common": "file:../common",
        "@pristine-ts/data-mapping-common": "file:../data-mapping-common",
        "@pristine-ts/logging": "file:../logging",
        "@pristine-ts/metadata": "^1.0.16",
        "class-transformer": "^0.5.1",
        "date-fns": "^3.3.1",
        "tsyringe": "^4.8.0"
      }
    },
    "../security": {
      "name": "@pristine-ts/security",
      "version": "1.0.412",
      "license": "ISC",
      "dependencies": {
        "@pristine-ts/common": "file:../common",
        "@pristine-ts/logging": "file:../logging"
      },
      "devDependencies": {
        "@types/jsonwebtoken": "^8.5.1"
      }
    },
    "../telemetry": {
      "name": "@pristine-ts/telemetry",
      "version": "1.0.412",
      "license": "ISC",
      "dependencies": {
        "@pristine-ts/common": "file:../common",
        "@pristine-ts/logging": "file:../logging",
        "uuid": "^9.0.1"
      },
      "devDependencies": {
        "@types/uuid": "^9.0.6"
      }
    },
    "node_modules/@pristine-ts/common": {
      "resolved": "../common",
      "link": true
    },
    "node_modules/@pristine-ts/core": {
      "resolved": "../core",
      "link": true
    },
    "node_modules/@pristine-ts/data-mapping": {
      "resolved": "../data-mapping",
      "link": true
    },
    "node_modules/@pristine-ts/metadata": {
      "version": "1.0.16",
      "resolved": "https://registry.npmjs.org/@pristine-ts/metadata/-/metadata-1.0.16.tgz",
      "integrity": "sha512-Fm/oAp5KYdq0ldIzwu4EiiNRcVidK01mS+75e4urAKmF9ZN2fHwuXjvURi9J2Ge+vIocoiErLmOXSK2HcB3RYg==",
      "license": "ISC",
      "dependencies": {
        "reflect-metadata": "^0.2.1"
      }
    },
    "node_modules/@pristine-ts/security": {
      "resolved": "../security",
      "link": true
    },
    "node_modules/@pristine-ts/telemetry": {
      "resolved": "../telemetry",
      "link": true
    },
    "node_modules/lodash": {
      "version": "4.17.21",
      "resolved": "https://registry.npmjs.org/lodash/-/lodash-4.17.21.tgz",
      "integrity": "sha512-v2kDEe57lecTulaDIuNTPy3Ry4gLGJ6Z1O3vE1krgXZNrsQ+LFTGHVxVjcXPs17LhbZVGedAJv8XZ1tvj5FvSg=="
    },
    "node_modules/reflect-metadata": {
      "version": "0.2.1",
      "resolved": "https://registry.npmjs.org/reflect-metadata/-/reflect-metadata-0.2.1.tgz",
      "integrity": "sha512-i5lLI6iw9AU3Uu4szRNPPEkomnkjRTaVt9hy/bn5g/oSzekBSMeLZblcjP74AW0vBabqERLLIrz+gR8QYR54Tw=="
    }
  },
  "dependencies": {
    "@pristine-ts/common": {
      "version": "file:../common",
      "requires": {
        "@pristine-ts/metadata": "^1.0.16",
        "reflect-metadata": "^0.1.13",
        "tsyringe": "^4.8.0"
      }
    },
    "@pristine-ts/core": {
      "version": "file:../core",
      "requires": {
        "@pristine-ts/common": "file:../common",
        "@pristine-ts/configuration": "file:../configuration",
        "@pristine-ts/logging": "file:../logging",
        "@pristine-ts/security": "file:../security",
        "@pristine-ts/telemetry": "file:../telemetry",
        "@types/uuid": "^9.0.6",
        "uuid": "^9.0.1"
      }
    },
    "@pristine-ts/data-mapping": {
      "version": "file:../data-mapping",
      "requires": {
        "@pristine-ts/common": "file:../common",
        "@pristine-ts/data-mapping-common": "file:../data-mapping-common",
        "@pristine-ts/logging": "file:../logging",
        "@pristine-ts/metadata": "^1.0.16",
        "class-transformer": "^0.5.1",
        "date-fns": "^3.3.1",
        "tsyringe": "^4.8.0"
      }
    },
    "@pristine-ts/metadata": {
      "version": "1.0.16",
      "resolved": "https://registry.npmjs.org/@pristine-ts/metadata/-/metadata-1.0.16.tgz",
      "integrity": "sha512-Fm/oAp5KYdq0ldIzwu4EiiNRcVidK01mS+75e4urAKmF9ZN2fHwuXjvURi9J2Ge+vIocoiErLmOXSK2HcB3RYg==",
      "requires": {
        "reflect-metadata": "^0.2.1"
      }
    },
    "@pristine-ts/security": {
      "version": "file:../security",
      "requires": {
        "@pristine-ts/common": "file:../common",
        "@pristine-ts/logging": "file:../logging",
        "@types/jsonwebtoken": "^8.5.1"
      }
    },
    "@pristine-ts/telemetry": {
      "version": "file:../telemetry",
      "requires": {
        "@pristine-ts/common": "file:../common",
        "@pristine-ts/logging": "file:../logging",
        "@types/uuid": "^9.0.6",
        "uuid": "^9.0.1"
      }
    },
    "lodash": {
      "version": "4.17.21",
      "resolved": "https://registry.npmjs.org/lodash/-/lodash-4.17.21.tgz",
      "integrity": "sha512-v2kDEe57lecTulaDIuNTPy3Ry4gLGJ6Z1O3vE1krgXZNrsQ+LFTGHVxVjcXPs17LhbZVGedAJv8XZ1tvj5FvSg=="
    },
    "reflect-metadata": {
      "version": "0.2.1",
      "resolved": "https://registry.npmjs.org/reflect-metadata/-/reflect-metadata-0.2.1.tgz",
      "integrity": "sha512-i5lLI6iw9AU3Uu4szRNPPEkomnkjRTaVt9hy/bn5g/oSzekBSMeLZblcjP74AW0vBabqERLLIrz+gR8QYR54Tw=="
    }
  }
}
