{
  "name": "@pristine-ts/configuration",
  "version": "0.0.191",
  "lockfileVersion": 2,
  "requires": true,
  "packages": {
    "": {
      "name": "@pristine-ts/configuration",
      "version": "0.0.191",
      "license": "ISC",
      "dependencies": {
        "@pristine-ts/common": "file:../common"
      }
    },
    "../common": {
      "version": "0.0.191",
      "license": "ISC",
      "dependencies": {
        "reflect-metadata": "^0.1.13",
        "tsyringe": "^4.4.0"
      }
    },
    "node_modules/@pristine-ts/common": {
      "resolved": "../common",
      "link": true
    }
  },
  "dependencies": {
    "@pristine-ts/common": {
      "version": "file:../common",
      "requires": {
        "reflect-metadata": "^0.1.13",
        "tsyringe": "^4.4.0"
      }
    }
  }
}
