{
  "name": "@pristine-ts/core",
  "version": "0.0.163",
  "lockfileVersion": 2,
  "requires": true,
  "packages": {
    "": {
      "name": "@pristine-ts/core",
      "version": "0.0.163",
      "license": "ISC",
      "dependencies": {
        "@pristine-ts/common": "file:../common",
        "@pristine-ts/configuration": "file:../configuration",
        "@pristine-ts/event": "file:../event",
        "@pristine-ts/logging": "file:../logging",
        "@pristine-ts/networking": "file:../networking",
        "@pristine-ts/security": "file:../security",
        "@pristine-ts/telemetry": "file:../telemetry",
        "lodash": "^4.17.21",
        "reflect-metadata": "^0.1.13",
        "tsyringe": "^4.4.0",
        "uuid": "^8.3.2"
      },
      "devDependencies": {
        "@types/uuid": "^8.3.3"
      }
    },
    "../common": {
      "name": "@pristine-ts/common",
      "version": "0.0.163",
      "license": "ISC"
    },
    "../configuration": {
      "name": "@pristine-ts/configuration",
      "version": "0.0.163",
      "license": "ISC",
      "dependencies": {
        "@pristine-ts/common": "file:../common"
      }
    },
    "../event": {
      "name": "@pristine-ts/event",
      "version": "0.0.163",
      "license": "ISC",
      "dependencies": {
        "@pristine-ts/common": "file:../common",
        "@pristine-ts/logging": "file:../logging",
        "@pristine-ts/networking": "file:../networking",
        "@pristine-ts/telemetry": "file:../telemetry"
      }
    },
    "../logging": {
      "name": "@pristine-ts/logging",
      "version": "0.0.163",
      "license": "ISC",
      "dependencies": {
        "@pristine-ts/common": "file:../common",
        "@pristine-ts/configuration": "file:../configuration",
        "date-fns": "^2.22.1"
      }
    },
    "../networking": {
      "name": "@pristine-ts/networking",
      "version": "0.0.163",
      "license": "ISC",
      "dependencies": {
        "@pristine-ts/common": "file:../common",
        "@pristine-ts/security": "file:../security",
        "@pristine-ts/telemetry": "file:../telemetry",
        "url-parse": "^1.4.7"
      }
    },
    "../security": {
      "name": "@pristine-ts/security",
      "version": "0.0.163",
      "license": "ISC",
      "dependencies": {
        "@pristine-ts/common": "file:../common",
        "@pristine-ts/logging": "file:../logging"
      },
      "devDependencies": {
        "@types/jsonwebtoken": "^8.5.0"
      }
    },
    "../telemetry": {
      "name": "@pristine-ts/telemetry",
      "version": "0.0.163",
      "license": "ISC",
      "dependencies": {
        "@pristine-ts/common": "file:../common",
        "@pristine-ts/logging": "file:../logging",
        "uuid": "^8.3.2"
      },
      "devDependencies": {
        "@types/uuid": "^8.3.2"
      }
    },
    "node_modules/@pristine-ts/common": {
      "resolved": "../common",
      "link": true
    },
    "node_modules/@pristine-ts/configuration": {
      "resolved": "../configuration",
      "link": true
    },
    "node_modules/@pristine-ts/event": {
      "resolved": "../event",
      "link": true
    },
    "node_modules/@pristine-ts/logging": {
      "resolved": "../logging",
      "link": true
    },
    "node_modules/@pristine-ts/networking": {
      "resolved": "../networking",
      "link": true
    },
    "node_modules/@pristine-ts/security": {
      "resolved": "../security",
      "link": true
    },
    "node_modules/@pristine-ts/telemetry": {
      "resolved": "../telemetry",
      "link": true
    },
    "node_modules/@types/uuid": {
      "version": "8.3.3",
      "resolved": "https://registry.npmjs.org/@types/uuid/-/uuid-8.3.3.tgz",
      "integrity": "sha512-0LbEEx1zxrYB3pgpd1M5lEhLcXjKJnYghvhTRgaBeUivLHMDM1TzF3IJ6hXU2+8uA4Xz+5BA63mtZo5DjVT8iA==",
      "dev": true
    },
    "node_modules/lodash": {
      "version": "4.17.21",
      "resolved": "https://registry.npmjs.org/lodash/-/lodash-4.17.21.tgz",
      "integrity": "sha512-v2kDEe57lecTulaDIuNTPy3Ry4gLGJ6Z1O3vE1krgXZNrsQ+LFTGHVxVjcXPs17LhbZVGedAJv8XZ1tvj5FvSg=="
    },
    "node_modules/reflect-metadata": {
      "version": "0.1.13",
      "resolved": "https://registry.npmjs.org/reflect-metadata/-/reflect-metadata-0.1.13.tgz",
      "integrity": "sha512-Ts1Y/anZELhSsjMcU605fU9RE4Oi3p5ORujwbIKXfWa+0Zxs510Qrmrce5/Jowq3cHSZSJqBjypxmHarc+vEWg=="
    },
    "node_modules/tslib": {
      "version": "1.14.1",
      "resolved": "https://registry.npmjs.org/tslib/-/tslib-1.14.1.tgz",
      "integrity": "sha512-Xni35NKzjgMrwevysHTCArtLDpPvye8zV/0E4EyYn43P7/7qvQwPh9BGkHewbMulVntbigmcT7rdX3BNo9wRJg=="
    },
    "node_modules/tsyringe": {
      "version": "4.6.0",
      "resolved": "https://registry.npmjs.org/tsyringe/-/tsyringe-4.6.0.tgz",
      "integrity": "sha512-BMQAZamSfEmIQzH8WJeRu1yZGQbPSDuI9g+yEiKZFIcO46GPZuMOC2d0b52cVBdw1d++06JnDSIIZvEnogMdAw==",
      "dependencies": {
        "tslib": "^1.9.3"
      },
      "engines": {
        "node": ">= 6.0.0"
      }
    },
    "node_modules/uuid": {
      "version": "8.3.2",
      "resolved": "https://registry.npmjs.org/uuid/-/uuid-8.3.2.tgz",
      "integrity": "sha512-+NYs2QeMWy+GWFOEm9xnn6HCDp0l7QBD7ml8zLUmJ+93Q5NF0NocErnwkTkXVFNiX3/fpC6afS8Dhb/gz7R7eg==",
      "bin": {
        "uuid": "dist/bin/uuid"
      }
    }
  },
  "dependencies": {
    "@pristine-ts/common": {
      "version": "file:../common"
    },
    "@pristine-ts/configuration": {
      "version": "file:../configuration",
      "requires": {
        "@pristine-ts/common": "file:../common"
      }
    },
    "@pristine-ts/event": {
      "version": "file:../event",
      "requires": {
        "@pristine-ts/common": "file:../common",
        "@pristine-ts/logging": "file:../logging",
        "@pristine-ts/networking": "file:../networking",
        "@pristine-ts/telemetry": "file:../telemetry"
      }
    },
    "@pristine-ts/logging": {
      "version": "file:../logging",
      "requires": {
        "@pristine-ts/common": "file:../common",
        "@pristine-ts/configuration": "file:../configuration",
        "date-fns": "^2.22.1"
      }
    },
    "@pristine-ts/networking": {
      "version": "file:../networking",
      "requires": {
        "@pristine-ts/common": "file:../common",
        "@pristine-ts/security": "file:../security",
        "@pristine-ts/telemetry": "file:../telemetry",
        "url-parse": "^1.4.7"
      }
    },
    "@pristine-ts/security": {
      "version": "file:../security",
      "requires": {
        "@pristine-ts/common": "file:../common",
        "@pristine-ts/logging": "file:../logging",
        "@types/jsonwebtoken": "^8.5.0"
      }
    },
    "@pristine-ts/telemetry": {
      "version": "file:../telemetry",
      "requires": {
        "@pristine-ts/common": "file:../common",
        "@pristine-ts/logging": "file:../logging",
        "@types/uuid": "^8.3.2",
        "uuid": "^8.3.2"
      }
    },
    "@types/uuid": {
      "version": "8.3.3",
      "resolved": "https://registry.npmjs.org/@types/uuid/-/uuid-8.3.3.tgz",
      "integrity": "sha512-0LbEEx1zxrYB3pgpd1M5lEhLcXjKJnYghvhTRgaBeUivLHMDM1TzF3IJ6hXU2+8uA4Xz+5BA63mtZo5DjVT8iA==",
      "dev": true
    },
    "lodash": {
      "version": "4.17.21",
      "resolved": "https://registry.npmjs.org/lodash/-/lodash-4.17.21.tgz",
      "integrity": "sha512-v2kDEe57lecTulaDIuNTPy3Ry4gLGJ6Z1O3vE1krgXZNrsQ+LFTGHVxVjcXPs17LhbZVGedAJv8XZ1tvj5FvSg=="
    },
    "reflect-metadata": {
      "version": "0.1.13",
      "resolved": "https://registry.npmjs.org/reflect-metadata/-/reflect-metadata-0.1.13.tgz",
      "integrity": "sha512-Ts1Y/anZELhSsjMcU605fU9RE4Oi3p5ORujwbIKXfWa+0Zxs510Qrmrce5/Jowq3cHSZSJqBjypxmHarc+vEWg=="
    },
    "tslib": {
      "version": "1.14.1",
      "resolved": "https://registry.npmjs.org/tslib/-/tslib-1.14.1.tgz",
      "integrity": "sha512-Xni35NKzjgMrwevysHTCArtLDpPvye8zV/0E4EyYn43P7/7qvQwPh9BGkHewbMulVntbigmcT7rdX3BNo9wRJg=="
    },
    "tsyringe": {
      "version": "4.6.0",
      "resolved": "https://registry.npmjs.org/tsyringe/-/tsyringe-4.6.0.tgz",
      "integrity": "sha512-BMQAZamSfEmIQzH8WJeRu1yZGQbPSDuI9g+yEiKZFIcO46GPZuMOC2d0b52cVBdw1d++06JnDSIIZvEnogMdAw==",
      "requires": {
        "tslib": "^1.9.3"
      }
    },
    "uuid": {
      "version": "8.3.2",
      "resolved": "https://registry.npmjs.org/uuid/-/uuid-8.3.2.tgz",
      "integrity": "sha512-+NYs2QeMWy+GWFOEm9xnn6HCDp0l7QBD7ml8zLUmJ+93Q5NF0NocErnwkTkXVFNiX3/fpC6afS8Dhb/gz7R7eg=="
    }
  }
}
