{
  "name": "@pristine-ts/file",
  "version": "0.0.380",
  "lockfileVersion": 2,
  "requires": true,
  "packages": {
    "": {
      "name": "@pristine-ts/file",
      "version": "0.0.380",
      "license": "ISC",
      "dependencies": {
        "@pristine-ts/class-validator": "^2.0.4",
        "@pristine-ts/common": "file:../common",
        "@pristine-ts/configuration": "file:../configuration",
        "@pristine-ts/data-mapping": "file:../data-mapping",
        "@pristine-ts/data-mapping-common": "file:../data-mapping-common"
      }
    },
    "../common": {
      "name": "@pristine-ts/common",
      "version": "0.0.363",
      "license": "ISC",
      "dependencies": {
        "@pristine-ts/metadata": "^1.0.16",
        "reflect-metadata": "^0.1.13",
        "tsyringe": "^4.8.0"
      }
    },
    "../configuration": {
      "name": "@pristine-ts/configuration",
      "version": "0.0.363",
      "license": "ISC",
      "dependencies": {
        "@pristine-ts/common": "file:../common"
      }
    },
    "../data-mapping": {
      "name": "@pristine-ts/data-mapping",
      "version": "0.0.363",
      "license": "ISC",
      "dependencies": {
        "@pristine-ts/common": "file:../common",
        "@pristine-ts/data-mapping-common": "file:../data-mapping-common",
        "@pristine-ts/logging": "file:../logging",
        "@pristine-ts/metadata": "^1.0.16",
        "class-transformer": "^0.5.1",
        "date-fns": "^3.3.1",
        "tsyringe": "^4.8.0"
      }
    },
    "../data-mapping-common": {
      "name": "@pristine-ts/data-mapping-common",
      "version": "0.0.363",
      "license": "ISC",
      "dependencies": {
        "@pristine-ts/class-validator": "^2.0.4",
        "@pristine-ts/metadata": "^1.0.16",
        "class-transformer": "^0.5.1",
        "date-fns": "^3.3.1"
      }
    },
    "../networking": {
      "name": "@pristine-ts/networking",
      "version": "0.0.228",
      "extraneous": true,
      "license": "ISC",
      "dependencies": {
        "@pristine-ts/common": "file:../common",
        "@pristine-ts/core": "file:../core",
        "@pristine-ts/security": "file:../security",
        "@pristine-ts/telemetry": "file:../telemetry",
        "lodash": "^4.17.21"
      }
    },
    "../security": {
      "name": "@pristine-ts/security",
      "version": "0.0.228",
      "extraneous": true,
      "license": "ISC",
      "dependencies": {
        "@pristine-ts/common": "file:../common",
        "@pristine-ts/logging": "file:../logging"
      },
      "devDependencies": {
        "@types/jsonwebtoken": "^8.5.0"
      }
    },
    "node_modules/@pristine-ts/class-validator": {
      "version": "2.0.4",
      "resolved": "https://registry.npmjs.org/@pristine-ts/class-validator/-/class-validator-2.0.4.tgz",
      "integrity": "sha512-NLmJIErR0R1GKthjCbQpscXAvCXyI0hMr7Jqb/y0kxwgQaeuQNY+pkCATeYKVr1iMrgNlF3z2YgWgtMoP6I0Sw==",
      "license": "ISC",
      "dependencies": {
        "@pristine-ts/metadata": "^1.0.13",
        "date-fns": "^3.6.0",
        "libphonenumber-js": "^1.11.3",
        "reflect-metadata": "^0.2.2",
        "validator": "^13.12.0"
      }
    },
    "node_modules/@pristine-ts/common": {
      "resolved": "../common",
      "link": true
    },
    "node_modules/@pristine-ts/configuration": {
      "resolved": "../configuration",
      "link": true
    },
    "node_modules/@pristine-ts/data-mapping": {
      "resolved": "../data-mapping",
      "link": true
    },
    "node_modules/@pristine-ts/data-mapping-common": {
      "resolved": "../data-mapping-common",
      "link": true
    },
    "node_modules/@pristine-ts/metadata": {
      "version": "1.0.13",
      "resolved": "https://registry.npmjs.org/@pristine-ts/metadata/-/metadata-1.0.13.tgz",
      "integrity": "sha512-jFQsFb2oYeM51oCZrkiwnloAbrSJ3fpgt0Rrp2o5TaO0RQf1YBjXNf+/7hTaVdaR0z7EEUCMkkW1hSsEMiLuXw==",
      "dependencies": {
        "reflect-metadata": "^0.2.1"
      }
    },
    "node_modules/date-fns": {
      "version": "3.6.0",
      "resolved": "https://registry.npmjs.org/date-fns/-/date-fns-3.6.0.tgz",
      "integrity": "sha512-fRHTG8g/Gif+kSh50gaGEdToemgfj74aRX3swtiouboip5JDLAyDE9F11nHMIcvOaXeOC6D7SpNhi7uFyB7Uww==",
      "funding": {
        "type": "github",
        "url": "https://github.com/sponsors/kossnocorp"
      }
    },
    "node_modules/libphonenumber-js": {
      "version": "1.11.4",
      "resolved": "https://registry.npmjs.org/libphonenumber-js/-/libphonenumber-js-1.11.4.tgz",
      "integrity": "sha512-F/R50HQuWWYcmU/esP5jrH5LiWYaN7DpN0a/99U8+mnGGtnx8kmRE+649dQh3v+CowXXZc8vpkf5AmYkO0AQ7Q=="
    },
    "node_modules/reflect-metadata": {
      "version": "0.2.2",
      "resolved": "https://registry.npmjs.org/reflect-metadata/-/reflect-metadata-0.2.2.tgz",
      "integrity": "sha512-urBwgfrvVP/eAyXx4hluJivBKzuEbSQs9rKWCrCkbSxNv8mxPcUZKeuoF3Uy4mJl3Lwprp6yy5/39VWigZ4K6Q=="
    },
    "node_modules/validator": {
      "version": "13.12.0",
      "resolved": "https://registry.npmjs.org/validator/-/validator-13.12.0.tgz",
      "integrity": "sha512-c1Q0mCiPlgdTVVVIJIrBuxNicYE+t/7oKeI9MWLj3fh/uq2Pxh/3eeWbVZ4OcGW1TUf53At0njHw5SMdA3tmMg==",
      "engines": {
        "node": ">= 0.10"
      }
    }
  },
  "dependencies": {
    "@pristine-ts/class-validator": {
      "version": "2.0.4",
      "resolved": "https://registry.npmjs.org/@pristine-ts/class-validator/-/class-validator-2.0.4.tgz",
      "integrity": "sha512-NLmJIErR0R1GKthjCbQpscXAvCXyI0hMr7Jqb/y0kxwgQaeuQNY+pkCATeYKVr1iMrgNlF3z2YgWgtMoP6I0Sw==",
      "requires": {
        "@pristine-ts/metadata": "^1.0.13",
        "date-fns": "^3.6.0",
        "libphonenumber-js": "^1.11.3",
        "reflect-metadata": "^0.2.2",
        "validator": "^13.12.0"
      }
    },
    "@pristine-ts/common": {
      "version": "file:../common",
      "requires": {
        "@pristine-ts/metadata": "^1.0.16",
        "reflect-metadata": "^0.1.13",
        "tsyringe": "^4.8.0"
      }
    },
    "@pristine-ts/configuration": {
      "version": "file:../configuration",
      "requires": {
        "@pristine-ts/common": "file:../common"
      }
    },
    "@pristine-ts/data-mapping": {
      "version": "file:../data-mapping",
      "requires": {
        "@pristine-ts/common": "file:../common",
        "@pristine-ts/data-mapping-common": "file:../data-mapping-common",
        "@pristine-ts/logging": "file:../logging",
        "@pristine-ts/metadata": "^1.0.16",
        "class-transformer": "^0.5.1",
        "date-fns": "^3.3.1",
        "tsyringe": "^4.8.0"
      }
    },
    "@pristine-ts/data-mapping-common": {
      "version": "file:../data-mapping-common",
      "requires": {
        "@pristine-ts/class-validator": "^2.0.4",
        "@pristine-ts/metadata": "^1.0.16",
        "class-transformer": "^0.5.1",
        "date-fns": "^3.3.1"
      }
    },
    "@pristine-ts/metadata": {
      "version": "1.0.13",
      "resolved": "https://registry.npmjs.org/@pristine-ts/metadata/-/metadata-1.0.13.tgz",
      "integrity": "sha512-jFQsFb2oYeM51oCZrkiwnloAbrSJ3fpgt0Rrp2o5TaO0RQf1YBjXNf+/7hTaVdaR0z7EEUCMkkW1hSsEMiLuXw==",
      "requires": {
        "reflect-metadata": "^0.2.1"
      }
    },
    "date-fns": {
      "version": "3.6.0",
      "resolved": "https://registry.npmjs.org/date-fns/-/date-fns-3.6.0.tgz",
      "integrity": "sha512-fRHTG8g/Gif+kSh50gaGEdToemgfj74aRX3swtiouboip5JDLAyDE9F11nHMIcvOaXeOC6D7SpNhi7uFyB7Uww=="
    },
    "libphonenumber-js": {
      "version": "1.11.4",
      "resolved": "https://registry.npmjs.org/libphonenumber-js/-/libphonenumber-js-1.11.4.tgz",
      "integrity": "sha512-F/R50HQuWWYcmU/esP5jrH5LiWYaN7DpN0a/99U8+mnGGtnx8kmRE+649dQh3v+CowXXZc8vpkf5AmYkO0AQ7Q=="
    },
    "reflect-metadata": {
      "version": "0.2.2",
      "resolved": "https://registry.npmjs.org/reflect-metadata/-/reflect-metadata-0.2.2.tgz",
      "integrity": "sha512-urBwgfrvVP/eAyXx4hluJivBKzuEbSQs9rKWCrCkbSxNv8mxPcUZKeuoF3Uy4mJl3Lwprp6yy5/39VWigZ4K6Q=="
    },
    "validator": {
      "version": "13.12.0",
      "resolved": "https://registry.npmjs.org/validator/-/validator-13.12.0.tgz",
      "integrity": "sha512-c1Q0mCiPlgdTVVVIJIrBuxNicYE+t/7oKeI9MWLj3fh/uq2Pxh/3eeWbVZ4OcGW1TUf53At0njHw5SMdA3tmMg=="
    }
  }
}
