{
  "name": "@pristine-ts/file",
  "version": "0.0.262",
  "lockfileVersion": 2,
  "requires": true,
  "packages": {
    "": {
      "name": "@pristine-ts/file",
      "version": "0.0.262",
      "license": "ISC",
      "dependencies": {
        "@pristine-ts/common": "file:../common"
      },
      "devDependencies": {}
    },
    "../common": {
      "name": "@pristine-ts/common",
      "version": "0.0.228",
      "license": "ISC",
      "dependencies": {
        "reflect-metadata": "^0.1.13",
        "tsyringe": "^4.4.0"
      }
    },
    "../networking": {
      "name": "@pristine-ts/networking",
      "version": "0.0.228",
      "extraneous": true,
      "license": "ISC",
      "dependencies": {
        "@pristine-ts/common": "file:../common",
        "@pristine-ts/core": "file:../core",
        "@pristine-ts/security": "file:../security",
        "@pristine-ts/telemetry": "file:../telemetry",
        "lodash": "^4.17.21"
      }
    },
    "../security": {
      "name": "@pristine-ts/security",
      "version": "0.0.228",
      "extraneous": true,
      "license": "ISC",
      "dependencies": {
        "@pristine-ts/common": "file:../common",
        "@pristine-ts/logging": "file:../logging"
      },
      "devDependencies": {
        "@types/jsonwebtoken": "^8.5.0"
      }
    },
    "node_modules/@pristine-ts/common": {
      "resolved": "../common",
      "link": true
    }
  },
  "dependencies": {
    "@pristine-ts/common": {
      "version": "file:../common",
      "requires": {
        "reflect-metadata": "^0.1.13",
        "tsyringe": "^4.4.0"
      }
    }
  }
}
