{
  "name": "@pristine-ts/opensearch",
  "version": "0.0.239",
  "lockfileVersion": 2,
  "requires": true,
  "packages": {
    "": {
      "name": "@pristine-ts/opensearch",
      "version": "0.0.219",
      "license": "ISC",
      "dependencies": {
        "@opensearch-project/opensearch": "^2.1.0",
        "@pristine-ts/aws": "file:../aws",
        "@pristine-ts/common": "file:../common",
        "@pristine-ts/core": "file:../core"
      }
    },
    "../aws": {
      "version": "0.0.219",
      "license": "ISC",
      "dependencies": {
        "@aws-sdk/client-dynamodb": "^3.211.0",
        "@aws-sdk/client-eventbridge": "^3.211.0",
        "@aws-sdk/client-s3": "^3.211.0",
        "@aws-sdk/client-sqs": "^3.211.0",
        "@aws-sdk/client-ssm": "^3.211.0",
        "@aws-sdk/s3-request-presigner": "^3.211.0",
        "@awslabs-community-fork/dynamodb-data-mapper": "^0.7.9",
        "@awslabs-community-fork/dynamodb-data-marshaller": "^0.7.9",
        "@awslabs-community-fork/dynamodb-expressions": "^0.7.9",
        "@pristine-ts/common": "file:../common",
        "@pristine-ts/core": "file:../core",
        "@pristine-ts/logging": "file:../logging",
        "@pristine-ts/networking": "file:../networking",
        "@pristine-ts/security": "file:../security"
      }
    },
    "../common": {
      "version": "0.0.219",
      "license": "ISC",
      "dependencies": {
        "reflect-metadata": "^0.1.13",
        "tsyringe": "^4.4.0"
      }
    },
    "../core": {
      "version": "0.0.219",
      "license": "ISC",
      "dependencies": {
        "@pristine-ts/common": "file:../common",
        "@pristine-ts/configuration": "file:../configuration",
        "@pristine-ts/logging": "file:../logging",
        "@pristine-ts/security": "file:../security",
        "@pristine-ts/telemetry": "file:../telemetry",
        "uuid": "^8.3.2"
      },
      "devDependencies": {
        "@types/uuid": "^8.3.4"
      }
    },
    "node_modules/@opensearch-project/opensearch": {
      "version": "2.1.0",
      "resolved": "https://registry.npmjs.org/@opensearch-project/opensearch/-/opensearch-2.1.0.tgz",
      "integrity": "sha512-iM2u63j2IlUOuMSbcw1TZFpRqjK6qMwVhb3jLLa/x4aATxdKOiO1i17mgzfkeepqj85efNzXBZzN+jkq1/EXhQ==",
      "dependencies": {
        "aws4": "^1.11.0",
        "debug": "^4.3.1",
        "hpagent": "^0.1.1",
        "ms": "^2.1.3",
        "secure-json-parse": "^2.4.0"
      },
      "engines": {
        "node": ">=10",
        "yarn": "^1.22.10"
      }
    },
    "node_modules/@pristine-ts/aws": {
      "resolved": "../aws",
      "link": true
    },
    "node_modules/@pristine-ts/common": {
      "resolved": "../common",
      "link": true
    },
    "node_modules/@pristine-ts/core": {
      "resolved": "../core",
      "link": true
    },
    "node_modules/aws4": {
      "version": "1.12.0",
      "resolved": "https://registry.npmjs.org/aws4/-/aws4-1.12.0.tgz",
      "integrity": "sha512-NmWvPnx0F1SfrQbYwOi7OeaNGokp9XhzNioJ/CSBs8Qa4vxug81mhJEAVZwxXuBmYB5KDRfMq/F3RR0BIU7sWg=="
    },
    "node_modules/debug": {
      "version": "4.3.4",
      "resolved": "https://registry.npmjs.org/debug/-/debug-4.3.4.tgz",
      "integrity": "sha512-PRWFHuSU3eDtQJPvnNY7Jcket1j0t5OuOsFzPPzsekD52Zl8qUfFIPEiswXqIvHWGVHOgX+7G/vCNNhehwxfkQ==",
      "dependencies": {
        "ms": "2.1.2"
      },
      "engines": {
        "node": ">=6.0"
      },
      "peerDependenciesMeta": {
        "supports-color": {
          "optional": true
        }
      }
    },
    "node_modules/debug/node_modules/ms": {
      "version": "2.1.2",
      "resolved": "https://registry.npmjs.org/ms/-/ms-2.1.2.tgz",
      "integrity": "sha512-sGkPx+VjMtmA6MX27oA4FBFELFCZZ4S4XqeGOXCv68tT+jb3vk/RyaKWP0PTKyWtmLSM0b+adUTEvbs1PEaH2w=="
    },
    "node_modules/hpagent": {
      "version": "0.1.2",
      "resolved": "https://registry.npmjs.org/hpagent/-/hpagent-0.1.2.tgz",
      "integrity": "sha512-ePqFXHtSQWAFXYmj+JtOTHr84iNrII4/QRlAAPPE+zqnKy4xJo7Ie1Y4kC7AdB+LxLxSTTzBMASsEcy0q8YyvQ=="
    },
    "node_modules/ms": {
      "version": "2.1.3",
      "resolved": "https://registry.npmjs.org/ms/-/ms-2.1.3.tgz",
      "integrity": "sha512-6FlzubTLZG3J2a/NVCAleEhjzq5oxgHyaCU9yYXvcLsvoVaHJq/s5xXI6/XXP6tz7R9xAOtHnSO/tXtF3WRTlA=="
    },
    "node_modules/secure-json-parse": {
      "version": "2.7.0",
      "resolved": "https://registry.npmjs.org/secure-json-parse/-/secure-json-parse-2.7.0.tgz",
      "integrity": "sha512-6aU+Rwsezw7VR8/nyvKTx8QpWH9FrcYiXXlqC4z5d5XQBDRqtbfsRjnwGyqbi3gddNtWHuEk9OANUotL26qKUw=="
    }
  },
  "dependencies": {
    "@opensearch-project/opensearch": {
      "version": "2.1.0",
      "resolved": "https://registry.npmjs.org/@opensearch-project/opensearch/-/opensearch-2.1.0.tgz",
      "integrity": "sha512-iM2u63j2IlUOuMSbcw1TZFpRqjK6qMwVhb3jLLa/x4aATxdKOiO1i17mgzfkeepqj85efNzXBZzN+jkq1/EXhQ==",
      "requires": {
        "aws4": "^1.11.0",
        "debug": "^4.3.1",
        "hpagent": "^0.1.1",
        "ms": "^2.1.3",
        "secure-json-parse": "^2.4.0"
      }
    },
    "@pristine-ts/aws": {
      "version": "file:../aws",
      "requires": {
        "@aws-sdk/client-dynamodb": "^3.211.0",
        "@aws-sdk/client-eventbridge": "^3.211.0",
        "@aws-sdk/client-s3": "^3.211.0",
        "@aws-sdk/client-sqs": "^3.211.0",
        "@aws-sdk/client-ssm": "^3.211.0",
        "@aws-sdk/s3-request-presigner": "^3.211.0",
        "@awslabs-community-fork/dynamodb-data-mapper": "^0.7.9",
        "@awslabs-community-fork/dynamodb-data-marshaller": "^0.7.9",
        "@awslabs-community-fork/dynamodb-expressions": "^0.7.9",
        "@pristine-ts/common": "file:../common",
        "@pristine-ts/core": "file:../core",
        "@pristine-ts/logging": "file:../logging",
        "@pristine-ts/networking": "file:../networking",
        "@pristine-ts/security": "file:../security"
      }
    },
    "@pristine-ts/common": {
      "version": "file:../common",
      "requires": {
        "reflect-metadata": "^0.1.13",
        "tsyringe": "^4.4.0"
      }
    },
    "@pristine-ts/core": {
      "version": "file:../core",
      "requires": {
        "@pristine-ts/common": "file:../common",
        "@pristine-ts/configuration": "file:../configuration",
        "@pristine-ts/logging": "file:../logging",
        "@pristine-ts/security": "file:../security",
        "@pristine-ts/telemetry": "file:../telemetry",
        "@types/uuid": "^8.3.4",
        "uuid": "^8.3.2"
      }
    },
    "aws4": {
      "version": "1.12.0",
      "resolved": "https://registry.npmjs.org/aws4/-/aws4-1.12.0.tgz",
      "integrity": "sha512-NmWvPnx0F1SfrQbYwOi7OeaNGokp9XhzNioJ/CSBs8Qa4vxug81mhJEAVZwxXuBmYB5KDRfMq/F3RR0BIU7sWg=="
    },
    "debug": {
      "version": "4.3.4",
      "resolved": "https://registry.npmjs.org/debug/-/debug-4.3.4.tgz",
      "integrity": "sha512-PRWFHuSU3eDtQJPvnNY7Jcket1j0t5OuOsFzPPzsekD52Zl8qUfFIPEiswXqIvHWGVHOgX+7G/vCNNhehwxfkQ==",
      "requires": {
        "ms": "2.1.2"
      },
      "dependencies": {
        "ms": {
          "version": "2.1.2",
          "resolved": "https://registry.npmjs.org/ms/-/ms-2.1.2.tgz",
          "integrity": "sha512-sGkPx+VjMtmA6MX27oA4FBFELFCZZ4S4XqeGOXCv68tT+jb3vk/RyaKWP0PTKyWtmLSM0b+adUTEvbs1PEaH2w=="
        }
      }
    },
    "hpagent": {
      "version": "0.1.2",
      "resolved": "https://registry.npmjs.org/hpagent/-/hpagent-0.1.2.tgz",
      "integrity": "sha512-ePqFXHtSQWAFXYmj+JtOTHr84iNrII4/QRlAAPPE+zqnKy4xJo7Ie1Y4kC7AdB+LxLxSTTzBMASsEcy0q8YyvQ=="
    },
    "ms": {
      "version": "2.1.3",
      "resolved": "https://registry.npmjs.org/ms/-/ms-2.1.3.tgz",
      "integrity": "sha512-6FlzubTLZG3J2a/NVCAleEhjzq5oxgHyaCU9yYXvcLsvoVaHJq/s5xXI6/XXP6tz7R9xAOtHnSO/tXtF3WRTlA=="
    },
    "secure-json-parse": {
      "version": "2.7.0",
      "resolved": "https://registry.npmjs.org/secure-json-parse/-/secure-json-parse-2.7.0.tgz",
      "integrity": "sha512-6aU+Rwsezw7VR8/nyvKTx8QpWH9FrcYiXXlqC4z5d5XQBDRqtbfsRjnwGyqbi3gddNtWHuEk9OANUotL26qKUw=="
    }
  }
}
