{
  "name": "@pristine-ts/redis",
  "version": "0.0.122",
  "lockfileVersion": 2,
  "requires": true,
  "packages": {
    "": {
      "name": "@pristine-ts/redis",
      "version": "0.0.93",
      "license": "ISC",
      "dependencies": {
        "@camaro/redis": "^2.2.5",
        "@pristine-ts/common": "file:../common",
        "@pristine-ts/logging": "file:../logging"
      },
      "devDependencies": {
        "@types/jsonwebtoken": "^8.5.0"
      }
    },
    "../common": {
      "name": "@pristine-ts/common",
      "version": "0.0.93",
      "license": "ISC"
    },
    "../logging": {
      "name": "@pristine-ts/logging",
      "version": "0.0.93",
      "license": "ISC",
      "dependencies": {
        "@pristine-ts/common": "file:../common",
        "@pristine-ts/configuration": "file:../configuration"
      }
    },
    "node_modules/@camaro/redis": {
      "version": "2.2.5",
      "resolved": "https://registry.npmjs.org/@camaro/redis/-/redis-2.2.5.tgz",
      "integrity": "sha512-o48qnKMZTyl0N4ax0u6Sh2GqUVQZm4Qwfe1P2LxTJx7Wlip2GX/syNWCXsL3C4qe2zrzeL+5rF8uIisQlKVQTw=="
    },
    "node_modules/@pristine-ts/common": {
      "resolved": "../common",
      "link": true
    },
    "node_modules/@pristine-ts/logging": {
      "resolved": "../logging",
      "link": true
    },
    "node_modules/@types/jsonwebtoken": {
      "version": "8.5.1",
      "resolved": "https://registry.npmjs.org/@types/jsonwebtoken/-/jsonwebtoken-8.5.1.tgz",
      "integrity": "sha512-rNAPdomlIUX0i0cg2+I+Q1wOUr531zHBQ+cV/28PJ39bSPKjahatZZ2LMuhiguETkCgLVzfruw/ZvNMNkKoSzw==",
      "dev": true,
      "dependencies": {
        "@types/node": "*"
      }
    },
    "node_modules/@types/node": {
      "version": "15.6.2",
      "resolved": "https://registry.npmjs.org/@types/node/-/node-15.6.2.tgz",
      "integrity": "sha512-dxcOx8801kMo3KlU+C+/ctWrzREAH7YvoF3aoVpRdqgs+Kf7flp+PJDN/EX5bME3suDUZHsxes9hpvBmzYlWbA==",
      "dev": true
    }
  },
  "dependencies": {
    "@camaro/redis": {
      "version": "2.2.5",
      "resolved": "https://registry.npmjs.org/@camaro/redis/-/redis-2.2.5.tgz",
      "integrity": "sha512-o48qnKMZTyl0N4ax0u6Sh2GqUVQZm4Qwfe1P2LxTJx7Wlip2GX/syNWCXsL3C4qe2zrzeL+5rF8uIisQlKVQTw=="
    },
    "@pristine-ts/common": {
      "version": "file:../common"
    },
    "@pristine-ts/logging": {
      "version": "file:../logging",
      "requires": {
        "@pristine-ts/common": "file:../common",
        "@pristine-ts/configuration": "file:../configuration"
      }
    },
    "@types/jsonwebtoken": {
      "version": "8.5.1",
      "resolved": "https://registry.npmjs.org/@types/jsonwebtoken/-/jsonwebtoken-8.5.1.tgz",
      "integrity": "sha512-rNAPdomlIUX0i0cg2+I+Q1wOUr531zHBQ+cV/28PJ39bSPKjahatZZ2LMuhiguETkCgLVzfruw/ZvNMNkKoSzw==",
      "dev": true,
      "requires": {
        "@types/node": "*"
      }
    },
    "@types/node": {
      "version": "15.6.2",
      "resolved": "https://registry.npmjs.org/@types/node/-/node-15.6.2.tgz",
      "integrity": "sha512-dxcOx8801kMo3KlU+C+/ctWrzREAH7YvoF3aoVpRdqgs+Kf7flp+PJDN/EX5bME3suDUZHsxes9hpvBmzYlWbA==",
      "dev": true
    }
  }
}
