{
  "name": "@pristine-ts/redis",
  "version": "0.0.387",
  "lockfileVersion": 2,
  "requires": true,
  "packages": {
    "": {
      "name": "@pristine-ts/redis",
      "version": "0.0.387",
      "license": "ISC",
      "dependencies": {
        "@camaro/redis": "^2.4.1",
        "@pristine-ts/common": "file:../common",
        "@pristine-ts/logging": "file:../logging"
      }
    },
    "../common": {
      "name": "@pristine-ts/common",
      "version": "0.0.282",
      "license": "ISC",
      "dependencies": {
        "@pristine-ts/metadata": "^1.0.3",
        "reflect-metadata": "^0.1.13",
        "tsyringe": "^4.8.0"
      }
    },
    "../logging": {
      "name": "@pristine-ts/logging",
      "version": "0.0.282",
      "license": "ISC",
      "dependencies": {
        "@pristine-ts/common": "file:../common",
        "@pristine-ts/configuration": "file:../configuration",
        "date-fns": "^2.30.0"
      }
    },
    "node_modules/@camaro/redis": {
      "version": "2.4.1",
      "resolved": "https://registry.npmjs.org/@camaro/redis/-/redis-2.4.1.tgz",
      "integrity": "sha512-CK0l/mOJc+0w3P+1PJlbiZ0Bec1kgArKneWiDj6DpnRG5c+3DJLxs/h29YrNN0I/yd3YAMYT+2GvSwIbWZXciA=="
    },
    "node_modules/@pristine-ts/common": {
      "resolved": "../common",
      "link": true
    },
    "node_modules/@pristine-ts/logging": {
      "resolved": "../logging",
      "link": true
    }
  },
  "dependencies": {
    "@camaro/redis": {
      "version": "2.4.1",
      "resolved": "https://registry.npmjs.org/@camaro/redis/-/redis-2.4.1.tgz",
      "integrity": "sha512-CK0l/mOJc+0w3P+1PJlbiZ0Bec1kgArKneWiDj6DpnRG5c+3DJLxs/h29YrNN0I/yd3YAMYT+2GvSwIbWZXciA=="
    },
    "@pristine-ts/common": {
      "version": "file:../common",
      "requires": {
        "@pristine-ts/metadata": "^1.0.3",
        "reflect-metadata": "^0.1.13",
        "tsyringe": "^4.8.0"
      }
    },
    "@pristine-ts/logging": {
      "version": "file:../logging",
      "requires": {
        "@pristine-ts/common": "file:../common",
        "@pristine-ts/configuration": "file:../configuration",
        "date-fns": "^2.30.0"
      }
    }
  }
}
