{
  "name": "@pristine-ts/logging",
  "version": "0.0.138",
  "lockfileVersion": 2,
  "requires": true,
  "packages": {
    "": {
      "name": "@pristine-ts/logging",
      "version": "0.0.130",
      "license": "ISC",
      "dependencies": {
        "@pristine-ts/common": "file:../common",
        "@pristine-ts/configuration": "file:../configuration",
        "@pristine-ts/tracing": "file:../tracing",
        "date-fns": "^2.22.1"
      }
    },
    "../common": {
      "name": "@pristine-ts/common",
      "version": "0.0.130",
      "license": "ISC"
    },
    "../configuration": {
      "name": "@pristine-ts/configuration",
      "version": "0.0.130",
      "license": "ISC",
      "dependencies": {
        "@pristine-ts/common": "file:../common"
      }
    },
    "../tracing": {},
    "node_modules/@pristine-ts/common": {
      "resolved": "../common",
      "link": true
    },
    "node_modules/@pristine-ts/configuration": {
      "resolved": "../configuration",
      "link": true
    },
    "node_modules/@pristine-ts/tracing": {
      "resolved": "../tracing",
      "link": true
    },
    "node_modules/date-fns": {
      "version": "2.22.1",
      "resolved": "https://registry.npmjs.org/date-fns/-/date-fns-2.22.1.tgz",
      "integrity": "sha512-yUFPQjrxEmIsMqlHhAhmxkuH769baF21Kk+nZwZGyrMoyLA+LugaQtC0+Tqf9CBUUULWwUJt6Q5ySI3LJDDCGg==",
      "engines": {
        "node": ">=0.11"
      },
      "funding": {
        "type": "opencollective",
        "url": "https://opencollective.com/date-fns"
      }
    }
  },
  "dependencies": {
    "@pristine-ts/common": {
      "version": "file:../common"
    },
    "@pristine-ts/configuration": {
      "version": "file:../configuration",
      "requires": {
        "@pristine-ts/common": "file:../common"
      }
    },
    "@pristine-ts/tracing": {
      "version": "file:../tracing"
    },
    "date-fns": {
      "version": "2.22.1",
      "resolved": "https://registry.npmjs.org/date-fns/-/date-fns-2.22.1.tgz",
      "integrity": "sha512-yUFPQjrxEmIsMqlHhAhmxkuH769baF21Kk+nZwZGyrMoyLA+LugaQtC0+Tqf9CBUUULWwUJt6Q5ySI3LJDDCGg=="
    }
  }
}
