{
  "name": "@pristine-ts/gcp-functions",
  "version": "2.0.17",
  "lockfileVersion": 3,
  "requires": true,
  "packages": {
    "": {
      "name": "@pristine-ts/gcp-functions",
      "version": "2.0.17",
      "license": "ISC",
      "dependencies": {
        "@pristine-ts/common": "file:../common",
        "@pristine-ts/core": "file:../core",
        "@pristine-ts/networking": "file:../networking"
      }
    },
    "../common": {
      "name": "@pristine-ts/common",
      "version": "2.0.13",
      "license": "ISC",
      "dependencies": {
        "@pristine-ts/metadata": "^1.0.16",
        "reflect-metadata": "^0.1.13",
        "tsyringe": "^4.8.0"
      }
    },
    "../core": {
      "name": "@pristine-ts/core",
      "version": "2.0.13",
      "license": "ISC",
      "dependencies": {
        "@pristine-ts/common": "file:../common",
        "@pristine-ts/configuration": "file:../configuration",
        "@pristine-ts/logging": "file:../logging",
        "@pristine-ts/security": "file:../security",
        "@pristine-ts/telemetry": "file:../telemetry"
      }
    },
    "../networking": {
      "name": "@pristine-ts/networking",
      "version": "2.0.13",
      "license": "ISC",
      "dependencies": {
        "@pristine-ts/common": "file:../common",
        "@pristine-ts/core": "file:../core",
        "@pristine-ts/data-mapping": "file:../data-mapping",
        "@pristine-ts/metadata": "^1.0.16",
        "@pristine-ts/security": "file:../security",
        "@pristine-ts/telemetry": "file:../telemetry"
      }
    },
    "node_modules/@pristine-ts/common": {
      "resolved": "../common",
      "link": true
    },
    "node_modules/@pristine-ts/core": {
      "resolved": "../core",
      "link": true
    },
    "node_modules/@pristine-ts/networking": {
      "resolved": "../networking",
      "link": true
    }
  }
}